{
  "version": 3,
  "terraform_version": "0.12.31",
  "serial": 1,
  "lineage": "984d0a94-c7ec-833b-744f-fb62b6fba2e6",
  "modules": [
    {
      "path": ["root"],
      "outputs": {
        "aws_iam_access_key_tfer--AKIAZUQBTA5EB4PVBIWU_id": {
          "sensitive": false,
          "type": "string",
          "value": "AKIAZUQBTA5EB4PVBIWU"
        },
        "aws_iam_access_key_tfer--AKIAZUQBTA5ECONCD4HH_id": {
          "sensitive": false,
          "type": "string",
          "value": "AKIAZUQBTA5ECONCD4HH"
        },
        "aws_iam_group_policy_attachment_tfer--admin_AdministratorAccess_id": {
          "sensitive": false,
          "type": "string",
          "value": "admin/arn:aws:iam::aws:policy/AdministratorAccess"
        },
        "aws_iam_group_tfer--admin_id": {
          "sensitive": false,
          "type": "string",
          "value": "admin"
        },
        "aws_iam_instance_profile_tfer--DemoIAMEC2Role_id": {
          "sensitive": false,
          "type": "string",
          "value": "DemoIAMEC2Role"
        },
        "aws_iam_instance_profile_tfer--ecsInstanceRole_id": {
          "sensitive": false,
          "type": "string",
          "value": "ecsInstanceRole"
        },
        "aws_iam_policy_tfer--AWSLambdaBasicExecutionRole-f6e9e7aa-5e42-472a-848d-9a7b11484a29_id": {
          "sensitive": false,
          "type": "string",
          "value": "arn:aws:iam::662502049608:policy/service-role/AWSLambdaBasicExecutionRole-f6e9e7aa-5e42-472a-848d-9a7b11484a29"
        },
        "aws_iam_role_policy_attachment_tfer--AWSServiceRoleForAPIGateway_APIGatewayServiceRolePolicy_id": {
          "sensitive": false,
          "type": "string",
          "value": "AWSServiceRoleForAPIGateway/arn:aws:iam::aws:policy/aws-service-role/APIGatewayServiceRolePolicy"
        },
        "aws_iam_role_policy_attachment_tfer--AWSServiceRoleForAutoScaling_AutoScalingServiceRolePolicy_id": {
          "sensitive": false,
          "type": "string",
          "value": "AWSServiceRoleForAutoScaling/arn:aws:iam::aws:policy/aws-service-role/AutoScalingServiceRolePolicy"
        },
        "aws_iam_role_policy_attachment_tfer--AWSServiceRoleForEC2Spot_AWSEC2SpotServiceRolePolicy_id": {
          "sensitive": false,
          "type": "string",
          "value": "AWSServiceRoleForEC2Spot/arn:aws:iam::aws:policy/aws-service-role/AWSEC2SpotServiceRolePolicy"
        },
        "aws_iam_role_policy_attachment_tfer--AWSServiceRoleForECS_AmazonECSServiceRolePolicy_id": {
          "sensitive": false,
          "type": "string",
          "value": "AWSServiceRoleForECS/arn:aws:iam::aws:policy/aws-service-role/AmazonECSServiceRolePolicy"
        },
        "aws_iam_role_policy_attachment_tfer--AWSServiceRoleForElasticLoadBalancing_AWSElasticLoadBalancingServiceRolePolicy_id": {
          "sensitive": false,
          "type": "string",
          "value": "AWSServiceRoleForElasticLoadBalancing/arn:aws:iam::aws:policy/aws-service-role/AWSElasticLoadBalancingServiceRolePolicy"
        },
        "aws_iam_role_policy_attachment_tfer--AWSServiceRoleForGlobalAccelerator_AWSGlobalAcceleratorSLRPolicy_id": {
          "sensitive": false,
          "type": "string",
          "value": "AWSServiceRoleForGlobalAccelerator/arn:aws:iam::aws:policy/aws-service-role/AWSGlobalAcceleratorSLRPolicy"
        },
        "aws_iam_role_policy_attachment_tfer--AWSServiceRoleForSupport_AWSSupportServiceRolePolicy_id": {
          "sensitive": false,
          "type": "string",
          "value": "AWSServiceRoleForSupport/arn:aws:iam::aws:policy/aws-service-role/AWSSupportServiceRolePolicy"
        },
        "aws_iam_role_policy_attachment_tfer--AWSServiceRoleForTrustedAdvisor_AWSTrustedAdvisorServiceRolePolicy_id": {
          "sensitive": false,
          "type": "string",
          "value": "AWSServiceRoleForTrustedAdvisor/arn:aws:iam::aws:policy/aws-service-role/AWSTrustedAdvisorServiceRolePolicy"
        },
        "aws_iam_role_policy_attachment_tfer--DemoIAMEC2Role_IAMReadOnlyAccess_id": {
          "sensitive": false,
          "type": "string",
          "value": "DemoIAMEC2Role/arn:aws:iam::aws:policy/IAMReadOnlyAccess"
        },
        "aws_iam_role_policy_attachment_tfer--InfrastructureStack-CreateTodoServiceServiceRoleA9-1AS7JWLJ0ETK0_AWSLambdaBasicExecutionRole_id": {
          "sensitive": false,
          "type": "string",
          "value": "InfrastructureStack-CreateTodoServiceServiceRoleA9-1AS7JWLJ0ETK0/arn:aws:iam::aws:policy/service-role/AWSLambdaBasicExecutionRole"
        },
        "aws_iam_role_policy_attachment_tfer--InfrastructureStack-CustomCDKBucketDeployment8693B-1MPO5QMINGXE7_AWSLambdaBasicExecutionRole_id": {
          "sensitive": false,
          "type": "string",
          "value": "InfrastructureStack-CustomCDKBucketDeployment8693B-1MPO5QMINGXE7/arn:aws:iam::aws:policy/service-role/AWSLambdaBasicExecutionRole"
        },
        "aws_iam_role_policy_attachment_tfer--InfrastructureStack-CustomS3AutoDeleteObjectsCusto-1KLRVZZKIE2SJ_AWSLambdaBasicExecutionRole_id": {
          "sensitive": false,
          "type": "string",
          "value": "InfrastructureStack-CustomS3AutoDeleteObjectsCusto-1KLRVZZKIE2SJ/arn:aws:iam::aws:policy/service-role/AWSLambdaBasicExecutionRole"
        },
        "aws_iam_role_policy_attachment_tfer--InfrastructureStack-GetListTodoServiceServiceRole1-IOPPM5KBCOK3_AWSLambdaBasicExecutionRole_id": {
          "sensitive": false,
          "type": "string",
          "value": "InfrastructureStack-GetListTodoServiceServiceRole1-IOPPM5KBCOK3/arn:aws:iam::aws:policy/service-role/AWSLambdaBasicExecutionRole"
        },
        "aws_iam_role_policy_attachment_tfer--InfrastructureStack-LogRetentionaae0aa3c5b4d4f87b0-7ZP0RYFT6NOW_AWSLambdaBasicExecutionRole_id": {
          "sensitive": false,
          "type": "string",
          "value": "InfrastructureStack-LogRetentionaae0aa3c5b4d4f87b0-7ZP0RYFT6NOW/arn:aws:iam::aws:policy/service-role/AWSLambdaBasicExecutionRole"
        },
        "aws_iam_role_policy_attachment_tfer--InfrastructureStack-UpdateTodoServiceServiceRoleBA-1XQWAW4HWWHFL_AWSLambdaBasicExecutionRole_id": {
          "sensitive": false,
          "type": "string",
          "value": "InfrastructureStack-UpdateTodoServiceServiceRoleBA-1XQWAW4HWWHFL/arn:aws:iam::aws:policy/service-role/AWSLambdaBasicExecutionRole"
        },
        "aws_iam_role_policy_attachment_tfer--cdk-hnb659fds-cfn-exec-role-662502049608-ap-southeast-1_AdministratorAccess_id": {
          "sensitive": false,
          "type": "string",
          "value": "cdk-hnb659fds-cfn-exec-role-662502049608-ap-southeast-1/arn:aws:iam::aws:policy/AdministratorAccess"
        },
        "aws_iam_role_policy_attachment_tfer--cdk-hnb659fds-lookup-role-662502049608-ap-southeast-1_ReadOnlyAccess_id": {
          "sensitive": false,
          "type": "string",
          "value": "cdk-hnb659fds-lookup-role-662502049608-ap-southeast-1/arn:aws:iam::aws:policy/ReadOnlyAccess"
        },
        "aws_iam_role_policy_attachment_tfer--ecsInstanceRole_AmazonEC2ContainerServiceforEC2Role_id": {
          "sensitive": false,
          "type": "string",
          "value": "ecsInstanceRole/arn:aws:iam::aws:policy/service-role/AmazonEC2ContainerServiceforEC2Role"
        },
        "aws_iam_role_policy_attachment_tfer--ecsTaskExecutionRole_AmazonECSTaskExecutionRolePolicy_id": {
          "sensitive": false,
          "type": "string",
          "value": "ecsTaskExecutionRole/arn:aws:iam::aws:policy/service-role/AmazonECSTaskExecutionRolePolicy"
        },
        "aws_iam_role_policy_attachment_tfer--test_func-role-yniepz6h_AWSLambdaBasicExecutionRole-f6e9e7aa-5e42-472a-848d-9a7b11484a29_id": {
          "sensitive": false,
          "type": "string",
          "value": "test_func-role-yniepz6h/arn:aws:iam::662502049608:policy/service-role/AWSLambdaBasicExecutionRole-f6e9e7aa-5e42-472a-848d-9a7b11484a29"
        },
        "aws_iam_role_policy_tfer--InfrastructureStack-CreateTodoServiceServiceRoleA9-1AS7JWLJ0ETK0_CreateTodoServiceServiceRoleDefaultPolicyFAC435DF_id": {
          "sensitive": false,
          "type": "string",
          "value": "InfrastructureStack-CreateTodoServiceServiceRoleA9-1AS7JWLJ0ETK0:CreateTodoServiceServiceRoleDefaultPolicyFAC435DF"
        },
        "aws_iam_role_policy_tfer--InfrastructureStack-CustomCDKBucketDeployment8693B-1MPO5QMINGXE7_CustomCDKBucketDeployment8693BB64968944B69AAFB0CC9EB8756CServiceRoleDefaultPolicy88902FDF_id": {
          "sensitive": false,
          "type": "string",
          "value": "InfrastructureStack-CustomCDKBucketDeployment8693B-1MPO5QMINGXE7:CustomCDKBucketDeployment8693BB64968944B69AAFB0CC9EB8756CServiceRoleDefaultPolicy88902FDF"
        },
        "aws_iam_role_policy_tfer--InfrastructureStack-GetListTodoServiceServiceRole1-IOPPM5KBCOK3_GetListTodoServiceServiceRoleDefaultPolicyAEE368FE_id": {
          "sensitive": false,
          "type": "string",
          "value": "InfrastructureStack-GetListTodoServiceServiceRole1-IOPPM5KBCOK3:GetListTodoServiceServiceRoleDefaultPolicyAEE368FE"
        },
        "aws_iam_role_policy_tfer--InfrastructureStack-LogRetentionaae0aa3c5b4d4f87b0-7ZP0RYFT6NOW_LogRetentionaae0aa3c5b4d4f87b02d85b201efdd8aServiceRoleDefaultPolicyADDA7DEB_id": {
          "sensitive": false,
          "type": "string",
          "value": "InfrastructureStack-LogRetentionaae0aa3c5b4d4f87b0-7ZP0RYFT6NOW:LogRetentionaae0aa3c5b4d4f87b02d85b201efdd8aServiceRoleDefaultPolicyADDA7DEB"
        },
        "aws_iam_role_policy_tfer--InfrastructureStack-UpdateTodoServiceServiceRoleBA-1XQWAW4HWWHFL_UpdateTodoServiceServiceRoleDefaultPolicy3141237E_id": {
          "sensitive": false,
          "type": "string",
          "value": "InfrastructureStack-UpdateTodoServiceServiceRoleBA-1XQWAW4HWWHFL:UpdateTodoServiceServiceRoleDefaultPolicy3141237E"
        },
        "aws_iam_role_policy_tfer--cdk-hnb659fds-deploy-role-662502049608-ap-southeast-1_default_id": {
          "sensitive": false,
          "type": "string",
          "value": "cdk-hnb659fds-deploy-role-662502049608-ap-southeast-1:default"
        },
        "aws_iam_role_policy_tfer--cdk-hnb659fds-file-publishing-role-662502049608-ap-southeast-1_cdk-hnb659fds-file-publishing-role-default-policy-662502049608-ap-southeast-1_id": {
          "sensitive": false,
          "type": "string",
          "value": "cdk-hnb659fds-file-publishing-role-662502049608-ap-southeast-1:cdk-hnb659fds-file-publishing-role-default-policy-662502049608-ap-southeast-1"
        },
        "aws_iam_role_policy_tfer--cdk-hnb659fds-image-publishing-role-662502049608-ap-southeast-1_cdk-hnb659fds-image-publishing-role-default-policy-662502049608-ap-southeast-1_id": {
          "sensitive": false,
          "type": "string",
          "value": "cdk-hnb659fds-image-publishing-role-662502049608-ap-southeast-1:cdk-hnb659fds-image-publishing-role-default-policy-662502049608-ap-southeast-1"
        },
        "aws_iam_role_policy_tfer--cdk-hnb659fds-lookup-role-662502049608-ap-southeast-1_LookupRolePolicy_id": {
          "sensitive": false,
          "type": "string",
          "value": "cdk-hnb659fds-lookup-role-662502049608-ap-southeast-1:LookupRolePolicy"
        },
        "aws_iam_role_tfer--AWSServiceRoleForAPIGateway_id": {
          "sensitive": false,
          "type": "string",
          "value": "AWSServiceRoleForAPIGateway"
        },
        "aws_iam_role_tfer--AWSServiceRoleForAutoScaling_id": {
          "sensitive": false,
          "type": "string",
          "value": "AWSServiceRoleForAutoScaling"
        },
        "aws_iam_role_tfer--AWSServiceRoleForEC2Spot_id": {
          "sensitive": false,
          "type": "string",
          "value": "AWSServiceRoleForEC2Spot"
        },
        "aws_iam_role_tfer--AWSServiceRoleForECS_id": {
          "sensitive": false,
          "type": "string",
          "value": "AWSServiceRoleForECS"
        },
        "aws_iam_role_tfer--AWSServiceRoleForElasticLoadBalancing_id": {
          "sensitive": false,
          "type": "string",
          "value": "AWSServiceRoleForElasticLoadBalancing"
        },
        "aws_iam_role_tfer--AWSServiceRoleForGlobalAccelerator_id": {
          "sensitive": false,
          "type": "string",
          "value": "AWSServiceRoleForGlobalAccelerator"
        },
        "aws_iam_role_tfer--AWSServiceRoleForSupport_id": {
          "sensitive": false,
          "type": "string",
          "value": "AWSServiceRoleForSupport"
        },
        "aws_iam_role_tfer--AWSServiceRoleForTrustedAdvisor_id": {
          "sensitive": false,
          "type": "string",
          "value": "AWSServiceRoleForTrustedAdvisor"
        },
        "aws_iam_role_tfer--DemoIAMEC2Role_id": {
          "sensitive": false,
          "type": "string",
          "value": "DemoIAMEC2Role"
        },
        "aws_iam_role_tfer--InfrastructureStack-CreateTodoServiceServiceRoleA9-1AS7JWLJ0ETK0_id": {
          "sensitive": false,
          "type": "string",
          "value": "InfrastructureStack-CreateTodoServiceServiceRoleA9-1AS7JWLJ0ETK0"
        },
        "aws_iam_role_tfer--InfrastructureStack-CustomCDKBucketDeployment8693B-1MPO5QMINGXE7_id": {
          "sensitive": false,
          "type": "string",
          "value": "InfrastructureStack-CustomCDKBucketDeployment8693B-1MPO5QMINGXE7"
        },
        "aws_iam_role_tfer--InfrastructureStack-CustomS3AutoDeleteObjectsCusto-1KLRVZZKIE2SJ_id": {
          "sensitive": false,
          "type": "string",
          "value": "InfrastructureStack-CustomS3AutoDeleteObjectsCusto-1KLRVZZKIE2SJ"
        },
        "aws_iam_role_tfer--InfrastructureStack-GetListTodoServiceServiceRole1-IOPPM5KBCOK3_id": {
          "sensitive": false,
          "type": "string",
          "value": "InfrastructureStack-GetListTodoServiceServiceRole1-IOPPM5KBCOK3"
        },
        "aws_iam_role_tfer--InfrastructureStack-LogRetentionaae0aa3c5b4d4f87b0-7ZP0RYFT6NOW_id": {
          "sensitive": false,
          "type": "string",
          "value": "InfrastructureStack-LogRetentionaae0aa3c5b4d4f87b0-7ZP0RYFT6NOW"
        },
        "aws_iam_role_tfer--InfrastructureStack-UpdateTodoServiceServiceRoleBA-1XQWAW4HWWHFL_id": {
          "sensitive": false,
          "type": "string",
          "value": "InfrastructureStack-UpdateTodoServiceServiceRoleBA-1XQWAW4HWWHFL"
        },
        "aws_iam_role_tfer--cdk-hnb659fds-cfn-exec-role-662502049608-ap-southeast-1_id": {
          "sensitive": false,
          "type": "string",
          "value": "cdk-hnb659fds-cfn-exec-role-662502049608-ap-southeast-1"
        },
        "aws_iam_role_tfer--cdk-hnb659fds-deploy-role-662502049608-ap-southeast-1_id": {
          "sensitive": false,
          "type": "string",
          "value": "cdk-hnb659fds-deploy-role-662502049608-ap-southeast-1"
        },
        "aws_iam_role_tfer--cdk-hnb659fds-file-publishing-role-662502049608-ap-southeast-1_id": {
          "sensitive": false,
          "type": "string",
          "value": "cdk-hnb659fds-file-publishing-role-662502049608-ap-southeast-1"
        },
        "aws_iam_role_tfer--cdk-hnb659fds-image-publishing-role-662502049608-ap-southeast-1_id": {
          "sensitive": false,
          "type": "string",
          "value": "cdk-hnb659fds-image-publishing-role-662502049608-ap-southeast-1"
        },
        "aws_iam_role_tfer--cdk-hnb659fds-lookup-role-662502049608-ap-southeast-1_id": {
          "sensitive": false,
          "type": "string",
          "value": "cdk-hnb659fds-lookup-role-662502049608-ap-southeast-1"
        },
        "aws_iam_role_tfer--ecsInstanceRole_id": {
          "sensitive": false,
          "type": "string",
          "value": "ecsInstanceRole"
        },
        "aws_iam_role_tfer--ecsTaskExecutionRole_id": {
          "sensitive": false,
          "type": "string",
          "value": "ecsTaskExecutionRole"
        },
        "aws_iam_role_tfer--test_func-role-yniepz6h_id": {
          "sensitive": false,
          "type": "string",
          "value": "test_func-role-yniepz6h"
        },
        "aws_iam_user_group_membership_tfer--tripham-admin-002F-admin_id": {
          "sensitive": false,
          "type": "string",
          "value": "tripham-admin/admin"
        },
        "aws_iam_user_tfer--AIDAZUQBTA5EKUPXLH3DR_id": {
          "sensitive": false,
          "type": "string",
          "value": "tripham-admin"
        }
      },
      "resources": {
        "aws_iam_access_key.tfer--AKIAZUQBTA5EB4PVBIWU": {
          "type": "aws_iam_access_key",
          "depends_on": [],
          "primary": {
            "id": "AKIAZUQBTA5EB4PVBIWU",
            "attributes": {
              "create_date": "2023-06-26T02:51:57Z",
              "id": "AKIAZUQBTA5EB4PVBIWU",
              "status": "Active",
              "user": "tripham-admin"
            },
            "meta": {
              "schema_version": 0
            },
            "tainted": false
          },
          "deposed": [],
          "provider": "provider.aws"
        },
        "aws_iam_access_key.tfer--AKIAZUQBTA5ECONCD4HH": {
          "type": "aws_iam_access_key",
          "depends_on": [],
          "primary": {
            "id": "AKIAZUQBTA5ECONCD4HH",
            "attributes": {
              "create_date": "2024-05-18T05:57:59Z",
              "id": "AKIAZUQBTA5ECONCD4HH",
              "status": "Active",
              "user": "tripham-admin"
            },
            "meta": {
              "schema_version": 0
            },
            "tainted": false
          },
          "deposed": [],
          "provider": "provider.aws"
        },
        "aws_iam_group.tfer--admin": {
          "type": "aws_iam_group",
          "depends_on": [],
          "primary": {
            "id": "admin",
            "attributes": {
              "arn": "arn:aws:iam::662502049608:group/admin",
              "id": "admin",
              "name": "admin",
              "path": "/",
              "unique_id": "AGPAZUQBTA5EIHQGG36K7"
            },
            "meta": {
              "schema_version": 0
            },
            "tainted": false
          },
          "deposed": [],
          "provider": "provider.aws"
        },
        "aws_iam_group_policy_attachment.tfer--admin_AdministratorAccess": {
          "type": "aws_iam_group_policy_attachment",
          "depends_on": [],
          "primary": {
            "id": "admin/arn:aws:iam::aws:policy/AdministratorAccess",
            "attributes": {
              "group": "admin",
              "id": "admin/arn:aws:iam::aws:policy/AdministratorAccess",
              "policy_arn": "arn:aws:iam::aws:policy/AdministratorAccess"
            },
            "meta": {
              "schema_version": 0
            },
            "tainted": false
          },
          "deposed": [],
          "provider": "provider.aws"
        },
        "aws_iam_instance_profile.tfer--DemoIAMEC2Role": {
          "type": "aws_iam_instance_profile",
          "depends_on": [],
          "primary": {
            "id": "DemoIAMEC2Role",
            "attributes": {
              "arn": "arn:aws:iam::662502049608:instance-profile/DemoIAMEC2Role",
              "create_date": "2021-10-20T16:03:20Z",
              "id": "DemoIAMEC2Role",
              "name": "DemoIAMEC2Role",
              "name_prefix": "",
              "path": "/",
              "role": "DemoIAMEC2Role",
              "tags.%": "0",
              "tags_all.%": "0",
              "unique_id": "AIPAZUQBTA5EC5BCTA2IT"
            },
            "meta": {
              "schema_version": 0
            },
            "tainted": false
          },
          "deposed": [],
          "provider": "provider.aws"
        },
        "aws_iam_instance_profile.tfer--ecsInstanceRole": {
          "type": "aws_iam_instance_profile",
          "depends_on": [],
          "primary": {
            "id": "ecsInstanceRole",
            "attributes": {
              "arn": "arn:aws:iam::662502049608:instance-profile/ecsInstanceRole",
              "create_date": "2024-05-18T13:30:22Z",
              "id": "ecsInstanceRole",
              "name": "ecsInstanceRole",
              "name_prefix": "",
              "path": "/",
              "role": "ecsInstanceRole",
              "tags.%": "0",
              "tags_all.%": "0",
              "unique_id": "AIPAZUQBTA5ECF6OAH6Y3"
            },
            "meta": {
              "schema_version": 0
            },
            "tainted": false
          },
          "deposed": [],
          "provider": "provider.aws"
        },
        "aws_iam_policy.tfer--AWSLambdaBasicExecutionRole-f6e9e7aa-5e42-472a-848d-9a7b11484a29": {
          "type": "aws_iam_policy",
          "depends_on": [],
          "primary": {
            "id": "arn:aws:iam::662502049608:policy/service-role/AWSLambdaBasicExecutionRole-f6e9e7aa-5e42-472a-848d-9a7b11484a29",
            "attributes": {
              "arn": "arn:aws:iam::662502049608:policy/service-role/AWSLambdaBasicExecutionRole-f6e9e7aa-5e42-472a-848d-9a7b11484a29",
              "attachment_count": "1",
              "description": "",
              "id": "arn:aws:iam::662502049608:policy/service-role/AWSLambdaBasicExecutionRole-f6e9e7aa-5e42-472a-848d-9a7b11484a29",
              "name": "AWSLambdaBasicExecutionRole-f6e9e7aa-5e42-472a-848d-9a7b11484a29",
              "name_prefix": "",
              "path": "/service-role/",
              "policy": "{\"Statement\":[{\"Action\":\"logs:CreateLogGroup\",\"Effect\":\"Allow\",\"Resource\":\"arn:aws:logs:ap-southeast-1:662502049608:*\"},{\"Action\":[\"logs:CreateLogStream\",\"logs:PutLogEvents\"],\"Effect\":\"Allow\",\"Resource\":[\"arn:aws:logs:ap-southeast-1:662502049608:log-group:/aws/lambda/test_func:*\"]}],\"Version\":\"2012-10-17\"}",
              "policy_id": "ANPAZUQBTA5EKPQZXGIKN",
              "tags.%": "0",
              "tags_all.%": "0"
            },
            "meta": {
              "schema_version": 0
            },
            "tainted": false
          },
          "deposed": [],
          "provider": "provider.aws"
        },
        "aws_iam_role.tfer--AWSServiceRoleForAPIGateway": {
          "type": "aws_iam_role",
          "depends_on": [],
          "primary": {
            "id": "AWSServiceRoleForAPIGateway",
            "attributes": {
              "arn": "arn:aws:iam::662502049608:role/aws-service-role/ops.apigateway.amazonaws.com/AWSServiceRoleForAPIGateway",
              "assume_role_policy": "{\"Statement\":[{\"Action\":\"sts:AssumeRole\",\"Effect\":\"Allow\",\"Principal\":{\"Service\":\"ops.apigateway.amazonaws.com\"}}],\"Version\":\"2012-10-17\"}",
              "create_date": "2023-07-17T14:20:56Z",
              "description": "The Service Linked Role is used by Amazon API Gateway.",
              "id": "AWSServiceRoleForAPIGateway",
              "managed_policy_arns.#": "1",
              "managed_policy_arns.0": "arn:aws:iam::aws:policy/aws-service-role/APIGatewayServiceRolePolicy",
              "max_session_duration": "3600",
              "name": "AWSServiceRoleForAPIGateway",
              "name_prefix": "",
              "path": "/aws-service-role/ops.apigateway.amazonaws.com/",
              "permissions_boundary": "",
              "tags.%": "0",
              "tags_all.%": "0",
              "unique_id": "AROAZUQBTA5ENZJT4NHCQ"
            },
            "meta": {
              "schema_version": 0
            },
            "tainted": false
          },
          "deposed": [],
          "provider": "provider.aws"
        },
        "aws_iam_role.tfer--AWSServiceRoleForAutoScaling": {
          "type": "aws_iam_role",
          "depends_on": [],
          "primary": {
            "id": "AWSServiceRoleForAutoScaling",
            "attributes": {
              "arn": "arn:aws:iam::662502049608:role/aws-service-role/autoscaling.amazonaws.com/AWSServiceRoleForAutoScaling",
              "assume_role_policy": "{\"Statement\":[{\"Action\":\"sts:AssumeRole\",\"Effect\":\"Allow\",\"Principal\":{\"Service\":\"autoscaling.amazonaws.com\"}}],\"Version\":\"2012-10-17\"}",
              "create_date": "2024-05-18T13:38:26Z",
              "description": "Default Service-Linked Role enables access to AWS Services and Resources used or managed by Auto Scaling",
              "id": "AWSServiceRoleForAutoScaling",
              "managed_policy_arns.#": "1",
              "managed_policy_arns.0": "arn:aws:iam::aws:policy/aws-service-role/AutoScalingServiceRolePolicy",
              "max_session_duration": "3600",
              "name": "AWSServiceRoleForAutoScaling",
              "name_prefix": "",
              "path": "/aws-service-role/autoscaling.amazonaws.com/",
              "permissions_boundary": "",
              "tags.%": "0",
              "tags_all.%": "0",
              "unique_id": "AROAZUQBTA5EBJNU6QLDJ"
            },
            "meta": {
              "schema_version": 0
            },
            "tainted": false
          },
          "deposed": [],
          "provider": "provider.aws"
        },
        "aws_iam_role.tfer--AWSServiceRoleForEC2Spot": {
          "type": "aws_iam_role",
          "depends_on": [],
          "primary": {
            "id": "AWSServiceRoleForEC2Spot",
            "attributes": {
              "arn": "arn:aws:iam::662502049608:role/aws-service-role/spot.amazonaws.com/AWSServiceRoleForEC2Spot",
              "assume_role_policy": "{\"Statement\":[{\"Action\":\"sts:AssumeRole\",\"Effect\":\"Allow\",\"Principal\":{\"Service\":\"spot.amazonaws.com\"}}],\"Version\":\"2012-10-17\"}",
              "create_date": "2024-05-18T14:14:58Z",
              "description": "Default EC2 Spot Service Linked Role",
              "id": "AWSServiceRoleForEC2Spot",
              "managed_policy_arns.#": "1",
              "managed_policy_arns.0": "arn:aws:iam::aws:policy/aws-service-role/AWSEC2SpotServiceRolePolicy",
              "max_session_duration": "3600",
              "name": "AWSServiceRoleForEC2Spot",
              "name_prefix": "",
              "path": "/aws-service-role/spot.amazonaws.com/",
              "permissions_boundary": "",
              "tags.%": "0",
              "tags_all.%": "0",
              "unique_id": "AROAZUQBTA5EEKSKBK7LL"
            },
            "meta": {
              "schema_version": 0
            },
            "tainted": false
          },
          "deposed": [],
          "provider": "provider.aws"
        },
        "aws_iam_role.tfer--AWSServiceRoleForECS": {
          "type": "aws_iam_role",
          "depends_on": [],
          "primary": {
            "id": "AWSServiceRoleForECS",
            "attributes": {
              "arn": "arn:aws:iam::662502049608:role/aws-service-role/ecs.amazonaws.com/AWSServiceRoleForECS",
              "assume_role_policy": "{\"Statement\":[{\"Action\":\"sts:AssumeRole\",\"Effect\":\"Allow\",\"Principal\":{\"Service\":\"ecs.amazonaws.com\"}}],\"Version\":\"2012-10-17\"}",
              "create_date": "2024-05-18T13:30:26Z",
              "description": "Role to enable Amazon ECS to manage your cluster.",
              "id": "AWSServiceRoleForECS",
              "managed_policy_arns.#": "1",
              "managed_policy_arns.0": "arn:aws:iam::aws:policy/aws-service-role/AmazonECSServiceRolePolicy",
              "max_session_duration": "3600",
              "name": "AWSServiceRoleForECS",
              "name_prefix": "",
              "path": "/aws-service-role/ecs.amazonaws.com/",
              "permissions_boundary": "",
              "tags.%": "0",
              "tags_all.%": "0",
              "unique_id": "AROAZUQBTA5EHMFYT2ADX"
            },
            "meta": {
              "schema_version": 0
            },
            "tainted": false
          },
          "deposed": [],
          "provider": "provider.aws"
        },
        "aws_iam_role.tfer--AWSServiceRoleForElasticLoadBalancing": {
          "type": "aws_iam_role",
          "depends_on": [],
          "primary": {
            "id": "AWSServiceRoleForElasticLoadBalancing",
            "attributes": {
              "arn": "arn:aws:iam::662502049608:role/aws-service-role/elasticloadbalancing.amazonaws.com/AWSServiceRoleForElasticLoadBalancing",
              "assume_role_policy": "{\"Statement\":[{\"Action\":\"sts:AssumeRole\",\"Effect\":\"Allow\",\"Principal\":{\"Service\":\"elasticloadbalancing.amazonaws.com\"}}],\"Version\":\"2012-10-17\"}",
              "create_date": "2024-05-20T14:09:24Z",
              "description": "Allows ELB to call AWS services on your behalf.",
              "id": "AWSServiceRoleForElasticLoadBalancing",
              "managed_policy_arns.#": "1",
              "managed_policy_arns.0": "arn:aws:iam::aws:policy/aws-service-role/AWSElasticLoadBalancingServiceRolePolicy",
              "max_session_duration": "3600",
              "name": "AWSServiceRoleForElasticLoadBalancing",
              "name_prefix": "",
              "path": "/aws-service-role/elasticloadbalancing.amazonaws.com/",
              "permissions_boundary": "",
              "tags.%": "0",
              "tags_all.%": "0",
              "unique_id": "AROAZUQBTA5EK7A4TJVJS"
            },
            "meta": {
              "schema_version": 0
            },
            "tainted": false
          },
          "deposed": [],
          "provider": "provider.aws"
        },
        "aws_iam_role.tfer--AWSServiceRoleForGlobalAccelerator": {
          "type": "aws_iam_role",
          "depends_on": [],
          "primary": {
            "id": "AWSServiceRoleForGlobalAccelerator",
            "attributes": {
              "arn": "arn:aws:iam::662502049608:role/aws-service-role/globalaccelerator.amazonaws.com/AWSServiceRoleForGlobalAccelerator",
              "assume_role_policy": "{\"Statement\":[{\"Action\":\"sts:AssumeRole\",\"Effect\":\"Allow\",\"Principal\":{\"Service\":\"globalaccelerator.amazonaws.com\"}}],\"Version\":\"2012-10-17\"}",
              "create_date": "2024-06-03T09:32:58Z",
              "description": "Allows Global Accelerator to call AWS services on customer's behalf",
              "id": "AWSServiceRoleForGlobalAccelerator",
              "managed_policy_arns.#": "1",
              "managed_policy_arns.0": "arn:aws:iam::aws:policy/aws-service-role/AWSGlobalAcceleratorSLRPolicy",
              "max_session_duration": "3600",
              "name": "AWSServiceRoleForGlobalAccelerator",
              "name_prefix": "",
              "path": "/aws-service-role/globalaccelerator.amazonaws.com/",
              "permissions_boundary": "",
              "tags.%": "0",
              "tags_all.%": "0",
              "unique_id": "AROAZUQBTA5EEQNZPMAWS"
            },
            "meta": {
              "schema_version": 0
            },
            "tainted": false
          },
          "deposed": [],
          "provider": "provider.aws"
        },
        "aws_iam_role.tfer--AWSServiceRoleForSupport": {
          "type": "aws_iam_role",
          "depends_on": [],
          "primary": {
            "id": "AWSServiceRoleForSupport",
            "attributes": {
              "arn": "arn:aws:iam::662502049608:role/aws-service-role/support.amazonaws.com/AWSServiceRoleForSupport",
              "assume_role_policy": "{\"Statement\":[{\"Action\":\"sts:AssumeRole\",\"Effect\":\"Allow\",\"Principal\":{\"Service\":\"support.amazonaws.com\"}}],\"Version\":\"2012-10-17\"}",
              "create_date": "2021-09-09T07:11:53Z",
              "description": "Enables resource access for AWS to provide billing, administrative and support services",
              "id": "AWSServiceRoleForSupport",
              "managed_policy_arns.#": "1",
              "managed_policy_arns.0": "arn:aws:iam::aws:policy/aws-service-role/AWSSupportServiceRolePolicy",
              "max_session_duration": "3600",
              "name": "AWSServiceRoleForSupport",
              "name_prefix": "",
              "path": "/aws-service-role/support.amazonaws.com/",
              "permissions_boundary": "",
              "tags.%": "0",
              "tags_all.%": "0",
              "unique_id": "AROAZUQBTA5EGZ7BDSOYV"
            },
            "meta": {
              "schema_version": 0
            },
            "tainted": false
          },
          "deposed": [],
          "provider": "provider.aws"
        },
        "aws_iam_role.tfer--AWSServiceRoleForTrustedAdvisor": {
          "type": "aws_iam_role",
          "depends_on": [],
          "primary": {
            "id": "AWSServiceRoleForTrustedAdvisor",
            "attributes": {
              "arn": "arn:aws:iam::662502049608:role/aws-service-role/trustedadvisor.amazonaws.com/AWSServiceRoleForTrustedAdvisor",
              "assume_role_policy": "{\"Statement\":[{\"Action\":\"sts:AssumeRole\",\"Effect\":\"Allow\",\"Principal\":{\"Service\":\"trustedadvisor.amazonaws.com\"}}],\"Version\":\"2012-10-17\"}",
              "create_date": "2021-09-09T07:11:53Z",
              "description": "Access for the AWS Trusted Advisor Service to help reduce cost, increase performance, and improve security of your AWS environment.",
              "id": "AWSServiceRoleForTrustedAdvisor",
              "managed_policy_arns.#": "1",
              "managed_policy_arns.0": "arn:aws:iam::aws:policy/aws-service-role/AWSTrustedAdvisorServiceRolePolicy",
              "max_session_duration": "3600",
              "name": "AWSServiceRoleForTrustedAdvisor",
              "name_prefix": "",
              "path": "/aws-service-role/trustedadvisor.amazonaws.com/",
              "permissions_boundary": "",
              "tags.%": "0",
              "tags_all.%": "0",
              "unique_id": "AROAZUQBTA5EI5HSPHGY6"
            },
            "meta": {
              "schema_version": 0
            },
            "tainted": false
          },
          "deposed": [],
          "provider": "provider.aws"
        },
        "aws_iam_role.tfer--DemoIAMEC2Role": {
          "type": "aws_iam_role",
          "depends_on": [],
          "primary": {
            "id": "DemoIAMEC2Role",
            "attributes": {
              "arn": "arn:aws:iam::662502049608:role/DemoIAMEC2Role",
              "assume_role_policy": "{\"Statement\":[{\"Action\":\"sts:AssumeRole\",\"Effect\":\"Allow\",\"Principal\":{\"Service\":\"ec2.amazonaws.com\"}}],\"Version\":\"2012-10-17\"}",
              "create_date": "2021-10-20T16:03:20Z",
              "description": "Allows EC2 instances to call AWS services on your behalf.",
              "id": "DemoIAMEC2Role",
              "managed_policy_arns.#": "1",
              "managed_policy_arns.0": "arn:aws:iam::aws:policy/IAMReadOnlyAccess",
              "max_session_duration": "3600",
              "name": "DemoIAMEC2Role",
              "name_prefix": "",
              "path": "/",
              "permissions_boundary": "",
              "tags.%": "0",
              "tags_all.%": "0",
              "unique_id": "AROAZUQBTA5EJFBMGHXZX"
            },
            "meta": {
              "schema_version": 0
            },
            "tainted": false
          },
          "deposed": [],
          "provider": "provider.aws"
        },
        "aws_iam_role.tfer--InfrastructureStack-CreateTodoServiceServiceRoleA9-1AS7JWLJ0ETK0": {
          "type": "aws_iam_role",
          "depends_on": [],
          "primary": {
            "id": "InfrastructureStack-CreateTodoServiceServiceRoleA9-1AS7JWLJ0ETK0",
            "attributes": {
              "arn": "arn:aws:iam::662502049608:role/InfrastructureStack-CreateTodoServiceServiceRoleA9-1AS7JWLJ0ETK0",
              "assume_role_policy": "{\"Statement\":[{\"Action\":\"sts:AssumeRole\",\"Effect\":\"Allow\",\"Principal\":{\"Service\":\"lambda.amazonaws.com\"}}],\"Version\":\"2012-10-17\"}",
              "create_date": "2023-07-17T14:46:36Z",
              "description": "",
              "id": "InfrastructureStack-CreateTodoServiceServiceRoleA9-1AS7JWLJ0ETK0",
              "inline_policy.#": "1",
              "inline_policy.0.name": "CreateTodoServiceServiceRoleDefaultPolicyFAC435DF",
              "inline_policy.0.policy": "{\"Version\":\"2012-10-17\",\"Statement\":[{\"Action\":[\"xray:PutTelemetryRecords\",\"xray:PutTraceSegments\"],\"Effect\":\"Allow\",\"Resource\":\"*\"},{\"Action\":[\"dynamodb:BatchGetItem\",\"dynamodb:BatchWriteItem\",\"dynamodb:ConditionCheckItem\",\"dynamodb:DeleteItem\",\"dynamodb:DescribeTable\",\"dynamodb:GetItem\",\"dynamodb:GetRecords\",\"dynamodb:GetShardIterator\",\"dynamodb:PutItem\",\"dynamodb:Query\",\"dynamodb:Scan\",\"dynamodb:UpdateItem\"],\"Effect\":\"Allow\",\"Resource\":[\"arn:aws:dynamodb:ap-southeast-1:662502049608:table/InfrastructureStack-DatabaseTodoTable3E2AC78E-BARB1OD4E9C9\",\"arn:aws:dynamodb:ap-southeast-1:662502049608:table/InfrastructureStack-DatabaseTodoTable3E2AC78E-BARB1OD4E9C9/index/*\"]}]}",
              "managed_policy_arns.#": "1",
              "managed_policy_arns.0": "arn:aws:iam::aws:policy/service-role/AWSLambdaBasicExecutionRole",
              "max_session_duration": "3600",
              "name": "InfrastructureStack-CreateTodoServiceServiceRoleA9-1AS7JWLJ0ETK0",
              "name_prefix": "",
              "path": "/",
              "permissions_boundary": "",
              "tags.%": "0",
              "tags_all.%": "0",
              "unique_id": "AROAZUQBTA5EOPPE52JS5"
            },
            "meta": {
              "schema_version": 0
            },
            "tainted": false
          },
          "deposed": [],
          "provider": "provider.aws"
        },
        "aws_iam_role.tfer--InfrastructureStack-CustomCDKBucketDeployment8693B-1MPO5QMINGXE7": {
          "type": "aws_iam_role",
          "depends_on": [],
          "primary": {
            "id": "InfrastructureStack-CustomCDKBucketDeployment8693B-1MPO5QMINGXE7",
            "attributes": {
              "arn": "arn:aws:iam::662502049608:role/InfrastructureStack-CustomCDKBucketDeployment8693B-1MPO5QMINGXE7",
              "assume_role_policy": "{\"Statement\":[{\"Action\":\"sts:AssumeRole\",\"Effect\":\"Allow\",\"Principal\":{\"Service\":\"lambda.amazonaws.com\"}}],\"Version\":\"2012-10-17\"}",
              "create_date": "2023-07-17T14:46:36Z",
              "description": "",
              "id": "InfrastructureStack-CustomCDKBucketDeployment8693B-1MPO5QMINGXE7",
              "inline_policy.#": "1",
              "inline_policy.0.name": "CustomCDKBucketDeployment8693BB64968944B69AAFB0CC9EB8756CServiceRoleDefaultPolicy88902FDF",
              "inline_policy.0.policy": "{\"Version\":\"2012-10-17\",\"Statement\":[{\"Action\":[\"s3:GetBucket*\",\"s3:GetObject*\",\"s3:List*\"],\"Effect\":\"Allow\",\"Resource\":[\"arn:aws:s3:::cdk-hnb659fds-assets-662502049608-ap-southeast-1/*\",\"arn:aws:s3:::cdk-hnb659fds-assets-662502049608-ap-southeast-1\"]},{\"Action\":[\"s3:Abort*\",\"s3:DeleteObject*\",\"s3:GetBucket*\",\"s3:GetObject*\",\"s3:List*\",\"s3:PutObject\",\"s3:PutObjectLegalHold\",\"s3:PutObjectRetention\",\"s3:PutObjectTagging\",\"s3:PutObjectVersionTagging\"],\"Effect\":\"Allow\",\"Resource\":[\"arn:aws:s3:::infrastructurestack-webappbucket620531e5-14hpzslwqikc7\",\"arn:aws:s3:::infrastructurestack-webappbucket620531e5-14hpzslwqikc7/*\"]},{\"Action\":[\"cloudfront:CreateInvalidation\",\"cloudfront:GetInvalidation\"],\"Effect\":\"Allow\",\"Resource\":\"*\"}]}",
              "managed_policy_arns.#": "1",
              "managed_policy_arns.0": "arn:aws:iam::aws:policy/service-role/AWSLambdaBasicExecutionRole",
              "max_session_duration": "3600",
              "name": "InfrastructureStack-CustomCDKBucketDeployment8693B-1MPO5QMINGXE7",
              "name_prefix": "",
              "path": "/",
              "permissions_boundary": "",
              "tags.%": "0",
              "tags_all.%": "0",
              "unique_id": "AROAZUQBTA5EGX4T2MSCY"
            },
            "meta": {
              "schema_version": 0
            },
            "tainted": false
          },
          "deposed": [],
          "provider": "provider.aws"
        },
        "aws_iam_role.tfer--InfrastructureStack-CustomS3AutoDeleteObjectsCusto-1KLRVZZKIE2SJ": {
          "type": "aws_iam_role",
          "depends_on": [],
          "primary": {
            "id": "InfrastructureStack-CustomS3AutoDeleteObjectsCusto-1KLRVZZKIE2SJ",
            "attributes": {
              "arn": "arn:aws:iam::662502049608:role/InfrastructureStack-CustomS3AutoDeleteObjectsCusto-1KLRVZZKIE2SJ",
              "assume_role_policy": "{\"Statement\":[{\"Action\":\"sts:AssumeRole\",\"Effect\":\"Allow\",\"Principal\":{\"Service\":\"lambda.amazonaws.com\"}}],\"Version\":\"2012-10-17\"}",
              "create_date": "2023-07-17T14:46:36Z",
              "description": "",
              "id": "InfrastructureStack-CustomS3AutoDeleteObjectsCusto-1KLRVZZKIE2SJ",
              "managed_policy_arns.#": "1",
              "managed_policy_arns.0": "arn:aws:iam::aws:policy/service-role/AWSLambdaBasicExecutionRole",
              "max_session_duration": "3600",
              "name": "InfrastructureStack-CustomS3AutoDeleteObjectsCusto-1KLRVZZKIE2SJ",
              "name_prefix": "",
              "path": "/",
              "permissions_boundary": "",
              "tags.%": "0",
              "tags_all.%": "0",
              "unique_id": "AROAZUQBTA5EEYR6TWUWN"
            },
            "meta": {
              "schema_version": 0
            },
            "tainted": false
          },
          "deposed": [],
          "provider": "provider.aws"
        },
        "aws_iam_role.tfer--InfrastructureStack-GetListTodoServiceServiceRole1-IOPPM5KBCOK3": {
          "type": "aws_iam_role",
          "depends_on": [],
          "primary": {
            "id": "InfrastructureStack-GetListTodoServiceServiceRole1-IOPPM5KBCOK3",
            "attributes": {
              "arn": "arn:aws:iam::662502049608:role/InfrastructureStack-GetListTodoServiceServiceRole1-IOPPM5KBCOK3",
              "assume_role_policy": "{\"Statement\":[{\"Action\":\"sts:AssumeRole\",\"Effect\":\"Allow\",\"Principal\":{\"Service\":\"lambda.amazonaws.com\"}}],\"Version\":\"2012-10-17\"}",
              "create_date": "2023-07-17T14:46:36Z",
              "description": "",
              "id": "InfrastructureStack-GetListTodoServiceServiceRole1-IOPPM5KBCOK3",
              "inline_policy.#": "1",
              "inline_policy.0.name": "GetListTodoServiceServiceRoleDefaultPolicyAEE368FE",
              "inline_policy.0.policy": "{\"Version\":\"2012-10-17\",\"Statement\":[{\"Action\":[\"xray:PutTelemetryRecords\",\"xray:PutTraceSegments\"],\"Effect\":\"Allow\",\"Resource\":\"*\"},{\"Action\":[\"dynamodb:BatchGetItem\",\"dynamodb:BatchWriteItem\",\"dynamodb:ConditionCheckItem\",\"dynamodb:DeleteItem\",\"dynamodb:DescribeTable\",\"dynamodb:GetItem\",\"dynamodb:GetRecords\",\"dynamodb:GetShardIterator\",\"dynamodb:PutItem\",\"dynamodb:Query\",\"dynamodb:Scan\",\"dynamodb:UpdateItem\"],\"Effect\":\"Allow\",\"Resource\":[\"arn:aws:dynamodb:ap-southeast-1:662502049608:table/InfrastructureStack-DatabaseTodoTable3E2AC78E-BARB1OD4E9C9\",\"arn:aws:dynamodb:ap-southeast-1:662502049608:table/InfrastructureStack-DatabaseTodoTable3E2AC78E-BARB1OD4E9C9/index/*\"]}]}",
              "managed_policy_arns.#": "1",
              "managed_policy_arns.0": "arn:aws:iam::aws:policy/service-role/AWSLambdaBasicExecutionRole",
              "max_session_duration": "3600",
              "name": "InfrastructureStack-GetListTodoServiceServiceRole1-IOPPM5KBCOK3",
              "name_prefix": "",
              "path": "/",
              "permissions_boundary": "",
              "tags.%": "0",
              "tags_all.%": "0",
              "unique_id": "AROAZUQBTA5EPRQ3UIZGH"
            },
            "meta": {
              "schema_version": 0
            },
            "tainted": false
          },
          "deposed": [],
          "provider": "provider.aws"
        },
        "aws_iam_role.tfer--InfrastructureStack-LogRetentionaae0aa3c5b4d4f87b0-7ZP0RYFT6NOW": {
          "type": "aws_iam_role",
          "depends_on": [],
          "primary": {
            "id": "InfrastructureStack-LogRetentionaae0aa3c5b4d4f87b0-7ZP0RYFT6NOW",
            "attributes": {
              "arn": "arn:aws:iam::662502049608:role/InfrastructureStack-LogRetentionaae0aa3c5b4d4f87b0-7ZP0RYFT6NOW",
              "assume_role_policy": "{\"Statement\":[{\"Action\":\"sts:AssumeRole\",\"Effect\":\"Allow\",\"Principal\":{\"Service\":\"lambda.amazonaws.com\"}}],\"Version\":\"2012-10-17\"}",
              "create_date": "2023-07-17T14:46:35Z",
              "description": "",
              "id": "InfrastructureStack-LogRetentionaae0aa3c5b4d4f87b0-7ZP0RYFT6NOW",
              "inline_policy.#": "1",
              "inline_policy.0.name": "LogRetentionaae0aa3c5b4d4f87b02d85b201efdd8aServiceRoleDefaultPolicyADDA7DEB",
              "inline_policy.0.policy": "{\"Version\":\"2012-10-17\",\"Statement\":[{\"Action\":[\"logs:DeleteRetentionPolicy\",\"logs:PutRetentionPolicy\"],\"Effect\":\"Allow\",\"Resource\":\"*\"}]}",
              "managed_policy_arns.#": "1",
              "managed_policy_arns.0": "arn:aws:iam::aws:policy/service-role/AWSLambdaBasicExecutionRole",
              "max_session_duration": "3600",
              "name": "InfrastructureStack-LogRetentionaae0aa3c5b4d4f87b0-7ZP0RYFT6NOW",
              "name_prefix": "",
              "path": "/",
              "permissions_boundary": "",
              "tags.%": "0",
              "tags_all.%": "0",
              "unique_id": "AROAZUQBTA5ELRZMKJF37"
            },
            "meta": {
              "schema_version": 0
            },
            "tainted": false
          },
          "deposed": [],
          "provider": "provider.aws"
        },
        "aws_iam_role.tfer--InfrastructureStack-UpdateTodoServiceServiceRoleBA-1XQWAW4HWWHFL": {
          "type": "aws_iam_role",
          "depends_on": [],
          "primary": {
            "id": "InfrastructureStack-UpdateTodoServiceServiceRoleBA-1XQWAW4HWWHFL",
            "attributes": {
              "arn": "arn:aws:iam::662502049608:role/InfrastructureStack-UpdateTodoServiceServiceRoleBA-1XQWAW4HWWHFL",
              "assume_role_policy": "{\"Statement\":[{\"Action\":\"sts:AssumeRole\",\"Effect\":\"Allow\",\"Principal\":{\"Service\":\"lambda.amazonaws.com\"}}],\"Version\":\"2012-10-17\"}",
              "create_date": "2023-07-17T14:46:35Z",
              "description": "",
              "id": "InfrastructureStack-UpdateTodoServiceServiceRoleBA-1XQWAW4HWWHFL",
              "inline_policy.#": "1",
              "inline_policy.0.name": "UpdateTodoServiceServiceRoleDefaultPolicy3141237E",
              "inline_policy.0.policy": "{\"Version\":\"2012-10-17\",\"Statement\":[{\"Action\":[\"xray:PutTelemetryRecords\",\"xray:PutTraceSegments\"],\"Effect\":\"Allow\",\"Resource\":\"*\"},{\"Action\":[\"dynamodb:BatchGetItem\",\"dynamodb:BatchWriteItem\",\"dynamodb:ConditionCheckItem\",\"dynamodb:DeleteItem\",\"dynamodb:DescribeTable\",\"dynamodb:GetItem\",\"dynamodb:GetRecords\",\"dynamodb:GetShardIterator\",\"dynamodb:PutItem\",\"dynamodb:Query\",\"dynamodb:Scan\",\"dynamodb:UpdateItem\"],\"Effect\":\"Allow\",\"Resource\":[\"arn:aws:dynamodb:ap-southeast-1:662502049608:table/InfrastructureStack-DatabaseTodoTable3E2AC78E-BARB1OD4E9C9\",\"arn:aws:dynamodb:ap-southeast-1:662502049608:table/InfrastructureStack-DatabaseTodoTable3E2AC78E-BARB1OD4E9C9/index/*\"]}]}",
              "managed_policy_arns.#": "1",
              "managed_policy_arns.0": "arn:aws:iam::aws:policy/service-role/AWSLambdaBasicExecutionRole",
              "max_session_duration": "3600",
              "name": "InfrastructureStack-UpdateTodoServiceServiceRoleBA-1XQWAW4HWWHFL",
              "name_prefix": "",
              "path": "/",
              "permissions_boundary": "",
              "tags.%": "0",
              "tags_all.%": "0",
              "unique_id": "AROAZUQBTA5EPL2KFV6ID"
            },
            "meta": {
              "schema_version": 0
            },
            "tainted": false
          },
          "deposed": [],
          "provider": "provider.aws"
        },
        "aws_iam_role.tfer--cdk-hnb659fds-cfn-exec-role-662502049608-ap-southeast-1": {
          "type": "aws_iam_role",
          "depends_on": [],
          "primary": {
            "id": "cdk-hnb659fds-cfn-exec-role-662502049608-ap-southeast-1",
            "attributes": {
              "arn": "arn:aws:iam::662502049608:role/cdk-hnb659fds-cfn-exec-role-662502049608-ap-southeast-1",
              "assume_role_policy": "{\"Statement\":[{\"Action\":\"sts:AssumeRole\",\"Effect\":\"Allow\",\"Principal\":{\"Service\":\"cloudformation.amazonaws.com\"}}],\"Version\":\"2012-10-17\"}",
              "create_date": "2023-06-26T03:37:13Z",
              "description": "",
              "id": "cdk-hnb659fds-cfn-exec-role-662502049608-ap-southeast-1",
              "managed_policy_arns.#": "1",
              "managed_policy_arns.0": "arn:aws:iam::aws:policy/AdministratorAccess",
              "max_session_duration": "3600",
              "name": "cdk-hnb659fds-cfn-exec-role-662502049608-ap-southeast-1",
              "name_prefix": "",
              "path": "/",
              "permissions_boundary": "",
              "tags.%": "0",
              "tags_all.%": "0",
              "unique_id": "AROAZUQBTA5EMX443GPQY"
            },
            "meta": {
              "schema_version": 0
            },
            "tainted": false
          },
          "deposed": [],
          "provider": "provider.aws"
        },
        "aws_iam_role.tfer--cdk-hnb659fds-deploy-role-662502049608-ap-southeast-1": {
          "type": "aws_iam_role",
          "depends_on": [],
          "primary": {
            "id": "cdk-hnb659fds-deploy-role-662502049608-ap-southeast-1",
            "attributes": {
              "arn": "arn:aws:iam::662502049608:role/cdk-hnb659fds-deploy-role-662502049608-ap-southeast-1",
              "assume_role_policy": "{\"Statement\":[{\"Action\":\"sts:AssumeRole\",\"Effect\":\"Allow\",\"Principal\":{\"AWS\":\"arn:aws:iam::662502049608:root\"}}],\"Version\":\"2008-10-17\"}",
              "create_date": "2023-06-26T03:37:41Z",
              "description": "",
              "id": "cdk-hnb659fds-deploy-role-662502049608-ap-southeast-1",
              "inline_policy.#": "1",
              "inline_policy.0.name": "default",
              "inline_policy.0.policy": "{\"Version\":\"2012-10-17\",\"Statement\":[{\"Action\":[\"cloudformation:CreateChangeSet\",\"cloudformation:DeleteChangeSet\",\"cloudformation:DescribeChangeSet\",\"cloudformation:DescribeStacks\",\"cloudformation:ExecuteChangeSet\",\"cloudformation:CreateStack\",\"cloudformation:UpdateStack\"],\"Effect\":\"Allow\",\"Resource\":\"*\",\"Sid\":\"CloudFormationPermissions\"},{\"Action\":[\"s3:GetObject*\",\"s3:GetBucket*\",\"s3:List*\",\"s3:Abort*\",\"s3:DeleteObject*\",\"s3:PutObject*\"],\"Condition\":{\"StringNotEquals\":{\"s3:ResourceAccount\":\"662502049608\"}},\"Effect\":\"Allow\",\"Resource\":\"*\",\"Sid\":\"PipelineCrossAccountArtifactsBucket\"},{\"Action\":[\"kms:Decrypt\",\"kms:DescribeKey\",\"kms:Encrypt\",\"kms:ReEncrypt*\",\"kms:GenerateDataKey*\"],\"Condition\":{\"StringEquals\":{\"kms:ViaService\":\"s3.ap-southeast-1.amazonaws.com\"}},\"Effect\":\"Allow\",\"Resource\":\"*\",\"Sid\":\"PipelineCrossAccountArtifactsKey\"},{\"Action\":\"iam:PassRole\",\"Effect\":\"Allow\",\"Resource\":\"arn:aws:iam::662502049608:role/cdk-hnb659fds-cfn-exec-role-662502049608-ap-southeast-1\"},{\"Action\":[\"cloudformation:DescribeStackEvents\",\"cloudformation:GetTemplate\",\"cloudformation:DeleteStack\",\"cloudformation:UpdateTerminationProtection\",\"sts:GetCallerIdentity\",\"cloudformation:GetTemplateSummary\"],\"Effect\":\"Allow\",\"Resource\":\"*\",\"Sid\":\"CliPermissions\"},{\"Action\":[\"s3:GetObject*\",\"s3:GetBucket*\",\"s3:List*\"],\"Effect\":\"Allow\",\"Resource\":[\"arn:aws:s3:::cdk-hnb659fds-assets-662502049608-ap-southeast-1\",\"arn:aws:s3:::cdk-hnb659fds-assets-662502049608-ap-southeast-1/*\"],\"Sid\":\"CliStagingBucket\"},{\"Action\":[\"ssm:GetParameter\"],\"Effect\":\"Allow\",\"Resource\":[\"arn:aws:ssm:ap-southeast-1:662502049608:parameter/cdk-bootstrap/hnb659fds/version\"],\"Sid\":\"ReadVersion\"}]}",
              "managed_policy_arns.#": "0",
              "max_session_duration": "3600",
              "name": "cdk-hnb659fds-deploy-role-662502049608-ap-southeast-1",
              "name_prefix": "",
              "path": "/",
              "permissions_boundary": "",
              "tags.%": "1",
              "tags.aws-cdk:bootstrap-role": "deploy",
              "tags_all.%": "1",
              "tags_all.aws-cdk:bootstrap-role": "deploy",
              "unique_id": "AROAZUQBTA5EA4EBVPQX4"
            },
            "meta": {
              "schema_version": 0
            },
            "tainted": false
          },
          "deposed": [],
          "provider": "provider.aws"
        },
        "aws_iam_role.tfer--cdk-hnb659fds-file-publishing-role-662502049608-ap-southeast-1": {
          "type": "aws_iam_role",
          "depends_on": [],
          "primary": {
            "id": "cdk-hnb659fds-file-publishing-role-662502049608-ap-southeast-1",
            "attributes": {
              "arn": "arn:aws:iam::662502049608:role/cdk-hnb659fds-file-publishing-role-662502049608-ap-southeast-1",
              "assume_role_policy": "{\"Statement\":[{\"Action\":\"sts:AssumeRole\",\"Effect\":\"Allow\",\"Principal\":{\"AWS\":\"arn:aws:iam::662502049608:root\"}}],\"Version\":\"2008-10-17\"}",
              "create_date": "2023-06-26T03:37:13Z",
              "description": "",
              "id": "cdk-hnb659fds-file-publishing-role-662502049608-ap-southeast-1",
              "inline_policy.#": "1",
              "inline_policy.0.name": "cdk-hnb659fds-file-publishing-role-default-policy-662502049608-ap-southeast-1",
              "inline_policy.0.policy": "{\"Version\":\"2012-10-17\",\"Statement\":[{\"Action\":[\"s3:GetObject*\",\"s3:GetBucket*\",\"s3:GetEncryptionConfiguration\",\"s3:List*\",\"s3:DeleteObject*\",\"s3:PutObject*\",\"s3:Abort*\"],\"Effect\":\"Allow\",\"Resource\":[\"arn:aws:s3:::cdk-hnb659fds-assets-662502049608-ap-southeast-1\",\"arn:aws:s3:::cdk-hnb659fds-assets-662502049608-ap-southeast-1/*\"]},{\"Action\":[\"kms:Decrypt\",\"kms:DescribeKey\",\"kms:Encrypt\",\"kms:ReEncrypt*\",\"kms:GenerateDataKey*\"],\"Effect\":\"Allow\",\"Resource\":\"arn:aws:kms:ap-southeast-1:662502049608:key/AWS_MANAGED_KEY\"}]}",
              "managed_policy_arns.#": "0",
              "max_session_duration": "3600",
              "name": "cdk-hnb659fds-file-publishing-role-662502049608-ap-southeast-1",
              "name_prefix": "",
              "path": "/",
              "permissions_boundary": "",
              "tags.%": "1",
              "tags.aws-cdk:bootstrap-role": "file-publishing",
              "tags_all.%": "1",
              "tags_all.aws-cdk:bootstrap-role": "file-publishing",
              "unique_id": "AROAZUQBTA5ECNZKNAGUD"
            },
            "meta": {
              "schema_version": 0
            },
            "tainted": false
          },
          "deposed": [],
          "provider": "provider.aws"
        },
        "aws_iam_role.tfer--cdk-hnb659fds-image-publishing-role-662502049608-ap-southeast-1": {
          "type": "aws_iam_role",
          "depends_on": [],
          "primary": {
            "id": "cdk-hnb659fds-image-publishing-role-662502049608-ap-southeast-1",
            "attributes": {
              "arn": "arn:aws:iam::662502049608:role/cdk-hnb659fds-image-publishing-role-662502049608-ap-southeast-1",
              "assume_role_policy": "{\"Statement\":[{\"Action\":\"sts:AssumeRole\",\"Effect\":\"Allow\",\"Principal\":{\"AWS\":\"arn:aws:iam::662502049608:root\"}}],\"Version\":\"2008-10-17\"}",
              "create_date": "2023-06-26T03:37:13Z",
              "description": "",
              "id": "cdk-hnb659fds-image-publishing-role-662502049608-ap-southeast-1",
              "inline_policy.#": "1",
              "inline_policy.0.name": "cdk-hnb659fds-image-publishing-role-default-policy-662502049608-ap-southeast-1",
              "inline_policy.0.policy": "{\"Version\":\"2012-10-17\",\"Statement\":[{\"Action\":[\"ecr:PutImage\",\"ecr:InitiateLayerUpload\",\"ecr:UploadLayerPart\",\"ecr:CompleteLayerUpload\",\"ecr:BatchCheckLayerAvailability\",\"ecr:DescribeRepositories\",\"ecr:DescribeImages\",\"ecr:BatchGetImage\",\"ecr:GetDownloadUrlForLayer\"],\"Effect\":\"Allow\",\"Resource\":\"arn:aws:ecr:ap-southeast-1:662502049608:repository/cdk-hnb659fds-container-assets-662502049608-ap-southeast-1\"},{\"Action\":[\"ecr:GetAuthorizationToken\"],\"Effect\":\"Allow\",\"Resource\":\"*\"}]}",
              "managed_policy_arns.#": "0",
              "max_session_duration": "3600",
              "name": "cdk-hnb659fds-image-publishing-role-662502049608-ap-southeast-1",
              "name_prefix": "",
              "path": "/",
              "permissions_boundary": "",
              "tags.%": "1",
              "tags.aws-cdk:bootstrap-role": "image-publishing",
              "tags_all.%": "1",
              "tags_all.aws-cdk:bootstrap-role": "image-publishing",
              "unique_id": "AROAZUQBTA5ENHKLQMDXW"
            },
            "meta": {
              "schema_version": 0
            },
            "tainted": false
          },
          "deposed": [],
          "provider": "provider.aws"
        },
        "aws_iam_role.tfer--cdk-hnb659fds-lookup-role-662502049608-ap-southeast-1": {
          "type": "aws_iam_role",
          "depends_on": [],
          "primary": {
            "id": "cdk-hnb659fds-lookup-role-662502049608-ap-southeast-1",
            "attributes": {
              "arn": "arn:aws:iam::662502049608:role/cdk-hnb659fds-lookup-role-662502049608-ap-southeast-1",
              "assume_role_policy": "{\"Statement\":[{\"Action\":\"sts:AssumeRole\",\"Effect\":\"Allow\",\"Principal\":{\"AWS\":\"arn:aws:iam::662502049608:root\"}}],\"Version\":\"2008-10-17\"}",
              "create_date": "2023-06-26T03:37:13Z",
              "description": "",
              "id": "cdk-hnb659fds-lookup-role-662502049608-ap-southeast-1",
              "inline_policy.#": "1",
              "inline_policy.0.name": "LookupRolePolicy",
              "inline_policy.0.policy": "{\"Version\":\"2012-10-17\",\"Statement\":[{\"Action\":[\"kms:Decrypt\"],\"Effect\":\"Deny\",\"Resource\":\"*\",\"Sid\":\"DontReadSecrets\"}]}",
              "managed_policy_arns.#": "1",
              "managed_policy_arns.0": "arn:aws:iam::aws:policy/ReadOnlyAccess",
              "max_session_duration": "3600",
              "name": "cdk-hnb659fds-lookup-role-662502049608-ap-southeast-1",
              "name_prefix": "",
              "path": "/",
              "permissions_boundary": "",
              "tags.%": "1",
              "tags.aws-cdk:bootstrap-role": "lookup",
              "tags_all.%": "1",
              "tags_all.aws-cdk:bootstrap-role": "lookup",
              "unique_id": "AROAZUQBTA5EBYV5KFHAJ"
            },
            "meta": {
              "schema_version": 0
            },
            "tainted": false
          },
          "deposed": [],
          "provider": "provider.aws"
        },
        "aws_iam_role.tfer--ecsInstanceRole": {
          "type": "aws_iam_role",
          "depends_on": [],
          "primary": {
            "id": "ecsInstanceRole",
            "attributes": {
              "arn": "arn:aws:iam::662502049608:role/ecsInstanceRole",
              "assume_role_policy": "{\"Statement\":[{\"Action\":\"sts:AssumeRole\",\"Effect\":\"Allow\",\"Principal\":{\"Service\":\"ec2.amazonaws.com\"},\"Sid\":\"\"}],\"Version\":\"2008-10-17\"}",
              "create_date": "2024-05-18T13:30:20Z",
              "description": "",
              "id": "ecsInstanceRole",
              "managed_policy_arns.#": "1",
              "managed_policy_arns.0": "arn:aws:iam::aws:policy/service-role/AmazonEC2ContainerServiceforEC2Role",
              "max_session_duration": "3600",
              "name": "ecsInstanceRole",
              "name_prefix": "",
              "path": "/",
              "permissions_boundary": "",
              "tags.%": "0",
              "tags_all.%": "0",
              "unique_id": "AROAZUQBTA5EDLLZXTW7S"
            },
            "meta": {
              "schema_version": 0
            },
            "tainted": false
          },
          "deposed": [],
          "provider": "provider.aws"
        },
        "aws_iam_role.tfer--ecsTaskExecutionRole": {
          "type": "aws_iam_role",
          "depends_on": [],
          "primary": {
            "id": "ecsTaskExecutionRole",
            "attributes": {
              "arn": "arn:aws:iam::662502049608:role/ecsTaskExecutionRole",
              "assume_role_policy": "{\"Statement\":[{\"Action\":\"sts:AssumeRole\",\"Effect\":\"Allow\",\"Principal\":{\"Service\":\"ecs-tasks.amazonaws.com\"},\"Sid\":\"\"}],\"Version\":\"2008-10-17\"}",
              "create_date": "2024-05-18T13:47:21Z",
              "description": "",
              "id": "ecsTaskExecutionRole",
              "managed_policy_arns.#": "1",
              "managed_policy_arns.0": "arn:aws:iam::aws:policy/service-role/AmazonECSTaskExecutionRolePolicy",
              "max_session_duration": "3600",
              "name": "ecsTaskExecutionRole",
              "name_prefix": "",
              "path": "/",
              "permissions_boundary": "",
              "tags.%": "0",
              "tags_all.%": "0",
              "unique_id": "AROAZUQBTA5EEAWL32PKZ"
            },
            "meta": {
              "schema_version": 0
            },
            "tainted": false
          },
          "deposed": [],
          "provider": "provider.aws"
        },
        "aws_iam_role.tfer--test_func-role-yniepz6h": {
          "type": "aws_iam_role",
          "depends_on": [],
          "primary": {
            "id": "test_func-role-yniepz6h",
            "attributes": {
              "arn": "arn:aws:iam::662502049608:role/service-role/test_func-role-yniepz6h",
              "assume_role_policy": "{\"Statement\":[{\"Action\":\"sts:AssumeRole\",\"Effect\":\"Allow\",\"Principal\":{\"Service\":\"lambda.amazonaws.com\"}}],\"Version\":\"2012-10-17\"}",
              "create_date": "2022-03-07T09:38:40Z",
              "description": "",
              "id": "test_func-role-yniepz6h",
              "managed_policy_arns.#": "1",
              "managed_policy_arns.0": "arn:aws:iam::662502049608:policy/service-role/AWSLambdaBasicExecutionRole-f6e9e7aa-5e42-472a-848d-9a7b11484a29",
              "max_session_duration": "3600",
              "name": "test_func-role-yniepz6h",
              "name_prefix": "",
              "path": "/service-role/",
              "permissions_boundary": "",
              "tags.%": "0",
              "tags_all.%": "0",
              "unique_id": "AROAZUQBTA5EPNYERVEKY"
            },
            "meta": {
              "schema_version": 0
            },
            "tainted": false
          },
          "deposed": [],
          "provider": "provider.aws"
        },
        "aws_iam_role_policy.tfer--InfrastructureStack-CreateTodoServiceServiceRoleA9-1AS7JWLJ0ETK0_CreateTodoServiceServiceRoleDefaultPolicyFAC435DF": {
          "type": "aws_iam_role_policy",
          "depends_on": [],
          "primary": {
            "id": "InfrastructureStack-CreateTodoServiceServiceRoleA9-1AS7JWLJ0ETK0:CreateTodoServiceServiceRoleDefaultPolicyFAC435DF",
            "attributes": {
              "id": "InfrastructureStack-CreateTodoServiceServiceRoleA9-1AS7JWLJ0ETK0:CreateTodoServiceServiceRoleDefaultPolicyFAC435DF",
              "name": "CreateTodoServiceServiceRoleDefaultPolicyFAC435DF",
              "name_prefix": "",
              "policy": "{\"Version\":\"2012-10-17\",\"Statement\":[{\"Action\":[\"xray:PutTelemetryRecords\",\"xray:PutTraceSegments\"],\"Effect\":\"Allow\",\"Resource\":\"*\"},{\"Action\":[\"dynamodb:BatchGetItem\",\"dynamodb:BatchWriteItem\",\"dynamodb:ConditionCheckItem\",\"dynamodb:DeleteItem\",\"dynamodb:DescribeTable\",\"dynamodb:GetItem\",\"dynamodb:GetRecords\",\"dynamodb:GetShardIterator\",\"dynamodb:PutItem\",\"dynamodb:Query\",\"dynamodb:Scan\",\"dynamodb:UpdateItem\"],\"Effect\":\"Allow\",\"Resource\":[\"arn:aws:dynamodb:ap-southeast-1:662502049608:table/InfrastructureStack-DatabaseTodoTable3E2AC78E-BARB1OD4E9C9\",\"arn:aws:dynamodb:ap-southeast-1:662502049608:table/InfrastructureStack-DatabaseTodoTable3E2AC78E-BARB1OD4E9C9/index/*\"]}]}",
              "role": "InfrastructureStack-CreateTodoServiceServiceRoleA9-1AS7JWLJ0ETK0"
            },
            "meta": {
              "schema_version": 0
            },
            "tainted": false
          },
          "deposed": [],
          "provider": "provider.aws"
        },
        "aws_iam_role_policy.tfer--InfrastructureStack-CustomCDKBucketDeployment8693B-1MPO5QMINGXE7_CustomCDKBucketDeployment8693BB64968944B69AAFB0CC9EB8756CServiceRoleDefaultPolicy88902FDF": {
          "type": "aws_iam_role_policy",
          "depends_on": [],
          "primary": {
            "id": "InfrastructureStack-CustomCDKBucketDeployment8693B-1MPO5QMINGXE7:CustomCDKBucketDeployment8693BB64968944B69AAFB0CC9EB8756CServiceRoleDefaultPolicy88902FDF",
            "attributes": {
              "id": "InfrastructureStack-CustomCDKBucketDeployment8693B-1MPO5QMINGXE7:CustomCDKBucketDeployment8693BB64968944B69AAFB0CC9EB8756CServiceRoleDefaultPolicy88902FDF",
              "name": "CustomCDKBucketDeployment8693BB64968944B69AAFB0CC9EB8756CServiceRoleDefaultPolicy88902FDF",
              "name_prefix": "",
              "policy": "{\"Version\":\"2012-10-17\",\"Statement\":[{\"Action\":[\"s3:GetBucket*\",\"s3:GetObject*\",\"s3:List*\"],\"Effect\":\"Allow\",\"Resource\":[\"arn:aws:s3:::cdk-hnb659fds-assets-662502049608-ap-southeast-1/*\",\"arn:aws:s3:::cdk-hnb659fds-assets-662502049608-ap-southeast-1\"]},{\"Action\":[\"s3:Abort*\",\"s3:DeleteObject*\",\"s3:GetBucket*\",\"s3:GetObject*\",\"s3:List*\",\"s3:PutObject\",\"s3:PutObjectLegalHold\",\"s3:PutObjectRetention\",\"s3:PutObjectTagging\",\"s3:PutObjectVersionTagging\"],\"Effect\":\"Allow\",\"Resource\":[\"arn:aws:s3:::infrastructurestack-webappbucket620531e5-14hpzslwqikc7\",\"arn:aws:s3:::infrastructurestack-webappbucket620531e5-14hpzslwqikc7/*\"]},{\"Action\":[\"cloudfront:CreateInvalidation\",\"cloudfront:GetInvalidation\"],\"Effect\":\"Allow\",\"Resource\":\"*\"}]}",
              "role": "InfrastructureStack-CustomCDKBucketDeployment8693B-1MPO5QMINGXE7"
            },
            "meta": {
              "schema_version": 0
            },
            "tainted": false
          },
          "deposed": [],
          "provider": "provider.aws"
        },
        "aws_iam_role_policy.tfer--InfrastructureStack-GetListTodoServiceServiceRole1-IOPPM5KBCOK3_GetListTodoServiceServiceRoleDefaultPolicyAEE368FE": {
          "type": "aws_iam_role_policy",
          "depends_on": [],
          "primary": {
            "id": "InfrastructureStack-GetListTodoServiceServiceRole1-IOPPM5KBCOK3:GetListTodoServiceServiceRoleDefaultPolicyAEE368FE",
            "attributes": {
              "id": "InfrastructureStack-GetListTodoServiceServiceRole1-IOPPM5KBCOK3:GetListTodoServiceServiceRoleDefaultPolicyAEE368FE",
              "name": "GetListTodoServiceServiceRoleDefaultPolicyAEE368FE",
              "name_prefix": "",
              "policy": "{\"Version\":\"2012-10-17\",\"Statement\":[{\"Action\":[\"xray:PutTelemetryRecords\",\"xray:PutTraceSegments\"],\"Effect\":\"Allow\",\"Resource\":\"*\"},{\"Action\":[\"dynamodb:BatchGetItem\",\"dynamodb:BatchWriteItem\",\"dynamodb:ConditionCheckItem\",\"dynamodb:DeleteItem\",\"dynamodb:DescribeTable\",\"dynamodb:GetItem\",\"dynamodb:GetRecords\",\"dynamodb:GetShardIterator\",\"dynamodb:PutItem\",\"dynamodb:Query\",\"dynamodb:Scan\",\"dynamodb:UpdateItem\"],\"Effect\":\"Allow\",\"Resource\":[\"arn:aws:dynamodb:ap-southeast-1:662502049608:table/InfrastructureStack-DatabaseTodoTable3E2AC78E-BARB1OD4E9C9\",\"arn:aws:dynamodb:ap-southeast-1:662502049608:table/InfrastructureStack-DatabaseTodoTable3E2AC78E-BARB1OD4E9C9/index/*\"]}]}",
              "role": "InfrastructureStack-GetListTodoServiceServiceRole1-IOPPM5KBCOK3"
            },
            "meta": {
              "schema_version": 0
            },
            "tainted": false
          },
          "deposed": [],
          "provider": "provider.aws"
        },
        "aws_iam_role_policy.tfer--InfrastructureStack-LogRetentionaae0aa3c5b4d4f87b0-7ZP0RYFT6NOW_LogRetentionaae0aa3c5b4d4f87b02d85b201efdd8aServiceRoleDefaultPolicyADDA7DEB": {
          "type": "aws_iam_role_policy",
          "depends_on": [],
          "primary": {
            "id": "InfrastructureStack-LogRetentionaae0aa3c5b4d4f87b0-7ZP0RYFT6NOW:LogRetentionaae0aa3c5b4d4f87b02d85b201efdd8aServiceRoleDefaultPolicyADDA7DEB",
            "attributes": {
              "id": "InfrastructureStack-LogRetentionaae0aa3c5b4d4f87b0-7ZP0RYFT6NOW:LogRetentionaae0aa3c5b4d4f87b02d85b201efdd8aServiceRoleDefaultPolicyADDA7DEB",
              "name": "LogRetentionaae0aa3c5b4d4f87b02d85b201efdd8aServiceRoleDefaultPolicyADDA7DEB",
              "name_prefix": "",
              "policy": "{\"Version\":\"2012-10-17\",\"Statement\":[{\"Action\":[\"logs:DeleteRetentionPolicy\",\"logs:PutRetentionPolicy\"],\"Effect\":\"Allow\",\"Resource\":\"*\"}]}",
              "role": "InfrastructureStack-LogRetentionaae0aa3c5b4d4f87b0-7ZP0RYFT6NOW"
            },
            "meta": {
              "schema_version": 0
            },
            "tainted": false
          },
          "deposed": [],
          "provider": "provider.aws"
        },
        "aws_iam_role_policy.tfer--InfrastructureStack-UpdateTodoServiceServiceRoleBA-1XQWAW4HWWHFL_UpdateTodoServiceServiceRoleDefaultPolicy3141237E": {
          "type": "aws_iam_role_policy",
          "depends_on": [],
          "primary": {
            "id": "InfrastructureStack-UpdateTodoServiceServiceRoleBA-1XQWAW4HWWHFL:UpdateTodoServiceServiceRoleDefaultPolicy3141237E",
            "attributes": {
              "id": "InfrastructureStack-UpdateTodoServiceServiceRoleBA-1XQWAW4HWWHFL:UpdateTodoServiceServiceRoleDefaultPolicy3141237E",
              "name": "UpdateTodoServiceServiceRoleDefaultPolicy3141237E",
              "name_prefix": "",
              "policy": "{\"Version\":\"2012-10-17\",\"Statement\":[{\"Action\":[\"xray:PutTelemetryRecords\",\"xray:PutTraceSegments\"],\"Effect\":\"Allow\",\"Resource\":\"*\"},{\"Action\":[\"dynamodb:BatchGetItem\",\"dynamodb:BatchWriteItem\",\"dynamodb:ConditionCheckItem\",\"dynamodb:DeleteItem\",\"dynamodb:DescribeTable\",\"dynamodb:GetItem\",\"dynamodb:GetRecords\",\"dynamodb:GetShardIterator\",\"dynamodb:PutItem\",\"dynamodb:Query\",\"dynamodb:Scan\",\"dynamodb:UpdateItem\"],\"Effect\":\"Allow\",\"Resource\":[\"arn:aws:dynamodb:ap-southeast-1:662502049608:table/InfrastructureStack-DatabaseTodoTable3E2AC78E-BARB1OD4E9C9\",\"arn:aws:dynamodb:ap-southeast-1:662502049608:table/InfrastructureStack-DatabaseTodoTable3E2AC78E-BARB1OD4E9C9/index/*\"]}]}",
              "role": "InfrastructureStack-UpdateTodoServiceServiceRoleBA-1XQWAW4HWWHFL"
            },
            "meta": {
              "schema_version": 0
            },
            "tainted": false
          },
          "deposed": [],
          "provider": "provider.aws"
        },
        "aws_iam_role_policy.tfer--cdk-hnb659fds-deploy-role-662502049608-ap-southeast-1_default": {
          "type": "aws_iam_role_policy",
          "depends_on": [],
          "primary": {
            "id": "cdk-hnb659fds-deploy-role-662502049608-ap-southeast-1:default",
            "attributes": {
              "id": "cdk-hnb659fds-deploy-role-662502049608-ap-southeast-1:default",
              "name": "default",
              "name_prefix": "",
              "policy": "{\"Version\":\"2012-10-17\",\"Statement\":[{\"Action\":[\"cloudformation:CreateChangeSet\",\"cloudformation:DeleteChangeSet\",\"cloudformation:DescribeChangeSet\",\"cloudformation:DescribeStacks\",\"cloudformation:ExecuteChangeSet\",\"cloudformation:CreateStack\",\"cloudformation:UpdateStack\"],\"Effect\":\"Allow\",\"Resource\":\"*\",\"Sid\":\"CloudFormationPermissions\"},{\"Action\":[\"s3:GetObject*\",\"s3:GetBucket*\",\"s3:List*\",\"s3:Abort*\",\"s3:DeleteObject*\",\"s3:PutObject*\"],\"Condition\":{\"StringNotEquals\":{\"s3:ResourceAccount\":\"662502049608\"}},\"Effect\":\"Allow\",\"Resource\":\"*\",\"Sid\":\"PipelineCrossAccountArtifactsBucket\"},{\"Action\":[\"kms:Decrypt\",\"kms:DescribeKey\",\"kms:Encrypt\",\"kms:ReEncrypt*\",\"kms:GenerateDataKey*\"],\"Condition\":{\"StringEquals\":{\"kms:ViaService\":\"s3.ap-southeast-1.amazonaws.com\"}},\"Effect\":\"Allow\",\"Resource\":\"*\",\"Sid\":\"PipelineCrossAccountArtifactsKey\"},{\"Action\":\"iam:PassRole\",\"Effect\":\"Allow\",\"Resource\":\"arn:aws:iam::662502049608:role/cdk-hnb659fds-cfn-exec-role-662502049608-ap-southeast-1\"},{\"Action\":[\"cloudformation:DescribeStackEvents\",\"cloudformation:GetTemplate\",\"cloudformation:DeleteStack\",\"cloudformation:UpdateTerminationProtection\",\"sts:GetCallerIdentity\",\"cloudformation:GetTemplateSummary\"],\"Effect\":\"Allow\",\"Resource\":\"*\",\"Sid\":\"CliPermissions\"},{\"Action\":[\"s3:GetObject*\",\"s3:GetBucket*\",\"s3:List*\"],\"Effect\":\"Allow\",\"Resource\":[\"arn:aws:s3:::cdk-hnb659fds-assets-662502049608-ap-southeast-1\",\"arn:aws:s3:::cdk-hnb659fds-assets-662502049608-ap-southeast-1/*\"],\"Sid\":\"CliStagingBucket\"},{\"Action\":[\"ssm:GetParameter\"],\"Effect\":\"Allow\",\"Resource\":[\"arn:aws:ssm:ap-southeast-1:662502049608:parameter/cdk-bootstrap/hnb659fds/version\"],\"Sid\":\"ReadVersion\"}]}",
              "role": "cdk-hnb659fds-deploy-role-662502049608-ap-southeast-1"
            },
            "meta": {
              "schema_version": 0
            },
            "tainted": false
          },
          "deposed": [],
          "provider": "provider.aws"
        },
        "aws_iam_role_policy.tfer--cdk-hnb659fds-file-publishing-role-662502049608-ap-southeast-1_cdk-hnb659fds-file-publishing-role-default-policy-662502049608-ap-southeast-1": {
          "type": "aws_iam_role_policy",
          "depends_on": [],
          "primary": {
            "id": "cdk-hnb659fds-file-publishing-role-662502049608-ap-southeast-1:cdk-hnb659fds-file-publishing-role-default-policy-662502049608-ap-southeast-1",
            "attributes": {
              "id": "cdk-hnb659fds-file-publishing-role-662502049608-ap-southeast-1:cdk-hnb659fds-file-publishing-role-default-policy-662502049608-ap-southeast-1",
              "name": "cdk-hnb659fds-file-publishing-role-default-policy-662502049608-ap-southeast-1",
              "name_prefix": "",
              "policy": "{\"Version\":\"2012-10-17\",\"Statement\":[{\"Action\":[\"s3:GetObject*\",\"s3:GetBucket*\",\"s3:GetEncryptionConfiguration\",\"s3:List*\",\"s3:DeleteObject*\",\"s3:PutObject*\",\"s3:Abort*\"],\"Effect\":\"Allow\",\"Resource\":[\"arn:aws:s3:::cdk-hnb659fds-assets-662502049608-ap-southeast-1\",\"arn:aws:s3:::cdk-hnb659fds-assets-662502049608-ap-southeast-1/*\"]},{\"Action\":[\"kms:Decrypt\",\"kms:DescribeKey\",\"kms:Encrypt\",\"kms:ReEncrypt*\",\"kms:GenerateDataKey*\"],\"Effect\":\"Allow\",\"Resource\":\"arn:aws:kms:ap-southeast-1:662502049608:key/AWS_MANAGED_KEY\"}]}",
              "role": "cdk-hnb659fds-file-publishing-role-662502049608-ap-southeast-1"
            },
            "meta": {
              "schema_version": 0
            },
            "tainted": false
          },
          "deposed": [],
          "provider": "provider.aws"
        },
        "aws_iam_role_policy.tfer--cdk-hnb659fds-image-publishing-role-662502049608-ap-southeast-1_cdk-hnb659fds-image-publishing-role-default-policy-662502049608-ap-southeast-1": {
          "type": "aws_iam_role_policy",
          "depends_on": [],
          "primary": {
            "id": "cdk-hnb659fds-image-publishing-role-662502049608-ap-southeast-1:cdk-hnb659fds-image-publishing-role-default-policy-662502049608-ap-southeast-1",
            "attributes": {
              "id": "cdk-hnb659fds-image-publishing-role-662502049608-ap-southeast-1:cdk-hnb659fds-image-publishing-role-default-policy-662502049608-ap-southeast-1",
              "name": "cdk-hnb659fds-image-publishing-role-default-policy-662502049608-ap-southeast-1",
              "name_prefix": "",
              "policy": "{\"Version\":\"2012-10-17\",\"Statement\":[{\"Action\":[\"ecr:PutImage\",\"ecr:InitiateLayerUpload\",\"ecr:UploadLayerPart\",\"ecr:CompleteLayerUpload\",\"ecr:BatchCheckLayerAvailability\",\"ecr:DescribeRepositories\",\"ecr:DescribeImages\",\"ecr:BatchGetImage\",\"ecr:GetDownloadUrlForLayer\"],\"Effect\":\"Allow\",\"Resource\":\"arn:aws:ecr:ap-southeast-1:662502049608:repository/cdk-hnb659fds-container-assets-662502049608-ap-southeast-1\"},{\"Action\":[\"ecr:GetAuthorizationToken\"],\"Effect\":\"Allow\",\"Resource\":\"*\"}]}",
              "role": "cdk-hnb659fds-image-publishing-role-662502049608-ap-southeast-1"
            },
            "meta": {
              "schema_version": 0
            },
            "tainted": false
          },
          "deposed": [],
          "provider": "provider.aws"
        },
        "aws_iam_role_policy.tfer--cdk-hnb659fds-lookup-role-662502049608-ap-southeast-1_LookupRolePolicy": {
          "type": "aws_iam_role_policy",
          "depends_on": [],
          "primary": {
            "id": "cdk-hnb659fds-lookup-role-662502049608-ap-southeast-1:LookupRolePolicy",
            "attributes": {
              "id": "cdk-hnb659fds-lookup-role-662502049608-ap-southeast-1:LookupRolePolicy",
              "name": "LookupRolePolicy",
              "name_prefix": "",
              "policy": "{\"Version\":\"2012-10-17\",\"Statement\":[{\"Action\":[\"kms:Decrypt\"],\"Effect\":\"Deny\",\"Resource\":\"*\",\"Sid\":\"DontReadSecrets\"}]}",
              "role": "cdk-hnb659fds-lookup-role-662502049608-ap-southeast-1"
            },
            "meta": {
              "schema_version": 0
            },
            "tainted": false
          },
          "deposed": [],
          "provider": "provider.aws"
        },
        "aws_iam_role_policy_attachment.tfer--AWSServiceRoleForAPIGateway_APIGatewayServiceRolePolicy": {
          "type": "aws_iam_role_policy_attachment",
          "depends_on": [],
          "primary": {
            "id": "AWSServiceRoleForAPIGateway/arn:aws:iam::aws:policy/aws-service-role/APIGatewayServiceRolePolicy",
            "attributes": {
              "id": "AWSServiceRoleForAPIGateway/arn:aws:iam::aws:policy/aws-service-role/APIGatewayServiceRolePolicy",
              "policy_arn": "arn:aws:iam::aws:policy/aws-service-role/APIGatewayServiceRolePolicy",
              "role": "AWSServiceRoleForAPIGateway"
            },
            "meta": {
              "schema_version": 0
            },
            "tainted": false
          },
          "deposed": [],
          "provider": "provider.aws"
        },
        "aws_iam_role_policy_attachment.tfer--AWSServiceRoleForAutoScaling_AutoScalingServiceRolePolicy": {
          "type": "aws_iam_role_policy_attachment",
          "depends_on": [],
          "primary": {
            "id": "AWSServiceRoleForAutoScaling/arn:aws:iam::aws:policy/aws-service-role/AutoScalingServiceRolePolicy",
            "attributes": {
              "id": "AWSServiceRoleForAutoScaling/arn:aws:iam::aws:policy/aws-service-role/AutoScalingServiceRolePolicy",
              "policy_arn": "arn:aws:iam::aws:policy/aws-service-role/AutoScalingServiceRolePolicy",
              "role": "AWSServiceRoleForAutoScaling"
            },
            "meta": {
              "schema_version": 0
            },
            "tainted": false
          },
          "deposed": [],
          "provider": "provider.aws"
        },
        "aws_iam_role_policy_attachment.tfer--AWSServiceRoleForEC2Spot_AWSEC2SpotServiceRolePolicy": {
          "type": "aws_iam_role_policy_attachment",
          "depends_on": [],
          "primary": {
            "id": "AWSServiceRoleForEC2Spot/arn:aws:iam::aws:policy/aws-service-role/AWSEC2SpotServiceRolePolicy",
            "attributes": {
              "id": "AWSServiceRoleForEC2Spot/arn:aws:iam::aws:policy/aws-service-role/AWSEC2SpotServiceRolePolicy",
              "policy_arn": "arn:aws:iam::aws:policy/aws-service-role/AWSEC2SpotServiceRolePolicy",
              "role": "AWSServiceRoleForEC2Spot"
            },
            "meta": {
              "schema_version": 0
            },
            "tainted": false
          },
          "deposed": [],
          "provider": "provider.aws"
        },
        "aws_iam_role_policy_attachment.tfer--AWSServiceRoleForECS_AmazonECSServiceRolePolicy": {
          "type": "aws_iam_role_policy_attachment",
          "depends_on": [],
          "primary": {
            "id": "AWSServiceRoleForECS/arn:aws:iam::aws:policy/aws-service-role/AmazonECSServiceRolePolicy",
            "attributes": {
              "id": "AWSServiceRoleForECS/arn:aws:iam::aws:policy/aws-service-role/AmazonECSServiceRolePolicy",
              "policy_arn": "arn:aws:iam::aws:policy/aws-service-role/AmazonECSServiceRolePolicy",
              "role": "AWSServiceRoleForECS"
            },
            "meta": {
              "schema_version": 0
            },
            "tainted": false
          },
          "deposed": [],
          "provider": "provider.aws"
        },
        "aws_iam_role_policy_attachment.tfer--AWSServiceRoleForElasticLoadBalancing_AWSElasticLoadBalancingServiceRolePolicy": {
          "type": "aws_iam_role_policy_attachment",
          "depends_on": [],
          "primary": {
            "id": "AWSServiceRoleForElasticLoadBalancing/arn:aws:iam::aws:policy/aws-service-role/AWSElasticLoadBalancingServiceRolePolicy",
            "attributes": {
              "id": "AWSServiceRoleForElasticLoadBalancing/arn:aws:iam::aws:policy/aws-service-role/AWSElasticLoadBalancingServiceRolePolicy",
              "policy_arn": "arn:aws:iam::aws:policy/aws-service-role/AWSElasticLoadBalancingServiceRolePolicy",
              "role": "AWSServiceRoleForElasticLoadBalancing"
            },
            "meta": {
              "schema_version": 0
            },
            "tainted": false
          },
          "deposed": [],
          "provider": "provider.aws"
        },
        "aws_iam_role_policy_attachment.tfer--AWSServiceRoleForGlobalAccelerator_AWSGlobalAcceleratorSLRPolicy": {
          "type": "aws_iam_role_policy_attachment",
          "depends_on": [],
          "primary": {
            "id": "AWSServiceRoleForGlobalAccelerator/arn:aws:iam::aws:policy/aws-service-role/AWSGlobalAcceleratorSLRPolicy",
            "attributes": {
              "id": "AWSServiceRoleForGlobalAccelerator/arn:aws:iam::aws:policy/aws-service-role/AWSGlobalAcceleratorSLRPolicy",
              "policy_arn": "arn:aws:iam::aws:policy/aws-service-role/AWSGlobalAcceleratorSLRPolicy",
              "role": "AWSServiceRoleForGlobalAccelerator"
            },
            "meta": {
              "schema_version": 0
            },
            "tainted": false
          },
          "deposed": [],
          "provider": "provider.aws"
        },
        "aws_iam_role_policy_attachment.tfer--AWSServiceRoleForSupport_AWSSupportServiceRolePolicy": {
          "type": "aws_iam_role_policy_attachment",
          "depends_on": [],
          "primary": {
            "id": "AWSServiceRoleForSupport/arn:aws:iam::aws:policy/aws-service-role/AWSSupportServiceRolePolicy",
            "attributes": {
              "id": "AWSServiceRoleForSupport/arn:aws:iam::aws:policy/aws-service-role/AWSSupportServiceRolePolicy",
              "policy_arn": "arn:aws:iam::aws:policy/aws-service-role/AWSSupportServiceRolePolicy",
              "role": "AWSServiceRoleForSupport"
            },
            "meta": {
              "schema_version": 0
            },
            "tainted": false
          },
          "deposed": [],
          "provider": "provider.aws"
        },
        "aws_iam_role_policy_attachment.tfer--AWSServiceRoleForTrustedAdvisor_AWSTrustedAdvisorServiceRolePolicy": {
          "type": "aws_iam_role_policy_attachment",
          "depends_on": [],
          "primary": {
            "id": "AWSServiceRoleForTrustedAdvisor/arn:aws:iam::aws:policy/aws-service-role/AWSTrustedAdvisorServiceRolePolicy",
            "attributes": {
              "id": "AWSServiceRoleForTrustedAdvisor/arn:aws:iam::aws:policy/aws-service-role/AWSTrustedAdvisorServiceRolePolicy",
              "policy_arn": "arn:aws:iam::aws:policy/aws-service-role/AWSTrustedAdvisorServiceRolePolicy",
              "role": "AWSServiceRoleForTrustedAdvisor"
            },
            "meta": {
              "schema_version": 0
            },
            "tainted": false
          },
          "deposed": [],
          "provider": "provider.aws"
        },
        "aws_iam_role_policy_attachment.tfer--DemoIAMEC2Role_IAMReadOnlyAccess": {
          "type": "aws_iam_role_policy_attachment",
          "depends_on": [],
          "primary": {
            "id": "DemoIAMEC2Role/arn:aws:iam::aws:policy/IAMReadOnlyAccess",
            "attributes": {
              "id": "DemoIAMEC2Role/arn:aws:iam::aws:policy/IAMReadOnlyAccess",
              "policy_arn": "arn:aws:iam::aws:policy/IAMReadOnlyAccess",
              "role": "DemoIAMEC2Role"
            },
            "meta": {
              "schema_version": 0
            },
            "tainted": false
          },
          "deposed": [],
          "provider": "provider.aws"
        },
        "aws_iam_role_policy_attachment.tfer--InfrastructureStack-CreateTodoServiceServiceRoleA9-1AS7JWLJ0ETK0_AWSLambdaBasicExecutionRole": {
          "type": "aws_iam_role_policy_attachment",
          "depends_on": [],
          "primary": {
            "id": "InfrastructureStack-CreateTodoServiceServiceRoleA9-1AS7JWLJ0ETK0/arn:aws:iam::aws:policy/service-role/AWSLambdaBasicExecutionRole",
            "attributes": {
              "id": "InfrastructureStack-CreateTodoServiceServiceRoleA9-1AS7JWLJ0ETK0/arn:aws:iam::aws:policy/service-role/AWSLambdaBasicExecutionRole",
              "policy_arn": "arn:aws:iam::aws:policy/service-role/AWSLambdaBasicExecutionRole",
              "role": "InfrastructureStack-CreateTodoServiceServiceRoleA9-1AS7JWLJ0ETK0"
            },
            "meta": {
              "schema_version": 0
            },
            "tainted": false
          },
          "deposed": [],
          "provider": "provider.aws"
        },
        "aws_iam_role_policy_attachment.tfer--InfrastructureStack-CustomCDKBucketDeployment8693B-1MPO5QMINGXE7_AWSLambdaBasicExecutionRole": {
          "type": "aws_iam_role_policy_attachment",
          "depends_on": [],
          "primary": {
            "id": "InfrastructureStack-CustomCDKBucketDeployment8693B-1MPO5QMINGXE7/arn:aws:iam::aws:policy/service-role/AWSLambdaBasicExecutionRole",
            "attributes": {
              "id": "InfrastructureStack-CustomCDKBucketDeployment8693B-1MPO5QMINGXE7/arn:aws:iam::aws:policy/service-role/AWSLambdaBasicExecutionRole",
              "policy_arn": "arn:aws:iam::aws:policy/service-role/AWSLambdaBasicExecutionRole",
              "role": "InfrastructureStack-CustomCDKBucketDeployment8693B-1MPO5QMINGXE7"
            },
            "meta": {
              "schema_version": 0
            },
            "tainted": false
          },
          "deposed": [],
          "provider": "provider.aws"
        },
        "aws_iam_role_policy_attachment.tfer--InfrastructureStack-CustomS3AutoDeleteObjectsCusto-1KLRVZZKIE2SJ_AWSLambdaBasicExecutionRole": {
          "type": "aws_iam_role_policy_attachment",
          "depends_on": [],
          "primary": {
            "id": "InfrastructureStack-CustomS3AutoDeleteObjectsCusto-1KLRVZZKIE2SJ/arn:aws:iam::aws:policy/service-role/AWSLambdaBasicExecutionRole",
            "attributes": {
              "id": "InfrastructureStack-CustomS3AutoDeleteObjectsCusto-1KLRVZZKIE2SJ/arn:aws:iam::aws:policy/service-role/AWSLambdaBasicExecutionRole",
              "policy_arn": "arn:aws:iam::aws:policy/service-role/AWSLambdaBasicExecutionRole",
              "role": "InfrastructureStack-CustomS3AutoDeleteObjectsCusto-1KLRVZZKIE2SJ"
            },
            "meta": {
              "schema_version": 0
            },
            "tainted": false
          },
          "deposed": [],
          "provider": "provider.aws"
        },
        "aws_iam_role_policy_attachment.tfer--InfrastructureStack-GetListTodoServiceServiceRole1-IOPPM5KBCOK3_AWSLambdaBasicExecutionRole": {
          "type": "aws_iam_role_policy_attachment",
          "depends_on": [],
          "primary": {
            "id": "InfrastructureStack-GetListTodoServiceServiceRole1-IOPPM5KBCOK3/arn:aws:iam::aws:policy/service-role/AWSLambdaBasicExecutionRole",
            "attributes": {
              "id": "InfrastructureStack-GetListTodoServiceServiceRole1-IOPPM5KBCOK3/arn:aws:iam::aws:policy/service-role/AWSLambdaBasicExecutionRole",
              "policy_arn": "arn:aws:iam::aws:policy/service-role/AWSLambdaBasicExecutionRole",
              "role": "InfrastructureStack-GetListTodoServiceServiceRole1-IOPPM5KBCOK3"
            },
            "meta": {
              "schema_version": 0
            },
            "tainted": false
          },
          "deposed": [],
          "provider": "provider.aws"
        },
        "aws_iam_role_policy_attachment.tfer--InfrastructureStack-LogRetentionaae0aa3c5b4d4f87b0-7ZP0RYFT6NOW_AWSLambdaBasicExecutionRole": {
          "type": "aws_iam_role_policy_attachment",
          "depends_on": [],
          "primary": {
            "id": "InfrastructureStack-LogRetentionaae0aa3c5b4d4f87b0-7ZP0RYFT6NOW/arn:aws:iam::aws:policy/service-role/AWSLambdaBasicExecutionRole",
            "attributes": {
              "id": "InfrastructureStack-LogRetentionaae0aa3c5b4d4f87b0-7ZP0RYFT6NOW/arn:aws:iam::aws:policy/service-role/AWSLambdaBasicExecutionRole",
              "policy_arn": "arn:aws:iam::aws:policy/service-role/AWSLambdaBasicExecutionRole",
              "role": "InfrastructureStack-LogRetentionaae0aa3c5b4d4f87b0-7ZP0RYFT6NOW"
            },
            "meta": {
              "schema_version": 0
            },
            "tainted": false
          },
          "deposed": [],
          "provider": "provider.aws"
        },
        "aws_iam_role_policy_attachment.tfer--InfrastructureStack-UpdateTodoServiceServiceRoleBA-1XQWAW4HWWHFL_AWSLambdaBasicExecutionRole": {
          "type": "aws_iam_role_policy_attachment",
          "depends_on": [],
          "primary": {
            "id": "InfrastructureStack-UpdateTodoServiceServiceRoleBA-1XQWAW4HWWHFL/arn:aws:iam::aws:policy/service-role/AWSLambdaBasicExecutionRole",
            "attributes": {
              "id": "InfrastructureStack-UpdateTodoServiceServiceRoleBA-1XQWAW4HWWHFL/arn:aws:iam::aws:policy/service-role/AWSLambdaBasicExecutionRole",
              "policy_arn": "arn:aws:iam::aws:policy/service-role/AWSLambdaBasicExecutionRole",
              "role": "InfrastructureStack-UpdateTodoServiceServiceRoleBA-1XQWAW4HWWHFL"
            },
            "meta": {
              "schema_version": 0
            },
            "tainted": false
          },
          "deposed": [],
          "provider": "provider.aws"
        },
        "aws_iam_role_policy_attachment.tfer--cdk-hnb659fds-cfn-exec-role-662502049608-ap-southeast-1_AdministratorAccess": {
          "type": "aws_iam_role_policy_attachment",
          "depends_on": [],
          "primary": {
            "id": "cdk-hnb659fds-cfn-exec-role-662502049608-ap-southeast-1/arn:aws:iam::aws:policy/AdministratorAccess",
            "attributes": {
              "id": "cdk-hnb659fds-cfn-exec-role-662502049608-ap-southeast-1/arn:aws:iam::aws:policy/AdministratorAccess",
              "policy_arn": "arn:aws:iam::aws:policy/AdministratorAccess",
              "role": "cdk-hnb659fds-cfn-exec-role-662502049608-ap-southeast-1"
            },
            "meta": {
              "schema_version": 0
            },
            "tainted": false
          },
          "deposed": [],
          "provider": "provider.aws"
        },
        "aws_iam_role_policy_attachment.tfer--cdk-hnb659fds-lookup-role-662502049608-ap-southeast-1_ReadOnlyAccess": {
          "type": "aws_iam_role_policy_attachment",
          "depends_on": [],
          "primary": {
            "id": "cdk-hnb659fds-lookup-role-662502049608-ap-southeast-1/arn:aws:iam::aws:policy/ReadOnlyAccess",
            "attributes": {
              "id": "cdk-hnb659fds-lookup-role-662502049608-ap-southeast-1/arn:aws:iam::aws:policy/ReadOnlyAccess",
              "policy_arn": "arn:aws:iam::aws:policy/ReadOnlyAccess",
              "role": "cdk-hnb659fds-lookup-role-662502049608-ap-southeast-1"
            },
            "meta": {
              "schema_version": 0
            },
            "tainted": false
          },
          "deposed": [],
          "provider": "provider.aws"
        },
        "aws_iam_role_policy_attachment.tfer--ecsInstanceRole_AmazonEC2ContainerServiceforEC2Role": {
          "type": "aws_iam_role_policy_attachment",
          "depends_on": [],
          "primary": {
            "id": "ecsInstanceRole/arn:aws:iam::aws:policy/service-role/AmazonEC2ContainerServiceforEC2Role",
            "attributes": {
              "id": "ecsInstanceRole/arn:aws:iam::aws:policy/service-role/AmazonEC2ContainerServiceforEC2Role",
              "policy_arn": "arn:aws:iam::aws:policy/service-role/AmazonEC2ContainerServiceforEC2Role",
              "role": "ecsInstanceRole"
            },
            "meta": {
              "schema_version": 0
            },
            "tainted": false
          },
          "deposed": [],
          "provider": "provider.aws"
        },
        "aws_iam_role_policy_attachment.tfer--ecsTaskExecutionRole_AmazonECSTaskExecutionRolePolicy": {
          "type": "aws_iam_role_policy_attachment",
          "depends_on": [],
          "primary": {
            "id": "ecsTaskExecutionRole/arn:aws:iam::aws:policy/service-role/AmazonECSTaskExecutionRolePolicy",
            "attributes": {
              "id": "ecsTaskExecutionRole/arn:aws:iam::aws:policy/service-role/AmazonECSTaskExecutionRolePolicy",
              "policy_arn": "arn:aws:iam::aws:policy/service-role/AmazonECSTaskExecutionRolePolicy",
              "role": "ecsTaskExecutionRole"
            },
            "meta": {
              "schema_version": 0
            },
            "tainted": false
          },
          "deposed": [],
          "provider": "provider.aws"
        },
        "aws_iam_role_policy_attachment.tfer--test_func-role-yniepz6h_AWSLambdaBasicExecutionRole-f6e9e7aa-5e42-472a-848d-9a7b11484a29": {
          "type": "aws_iam_role_policy_attachment",
          "depends_on": [],
          "primary": {
            "id": "test_func-role-yniepz6h/arn:aws:iam::662502049608:policy/service-role/AWSLambdaBasicExecutionRole-f6e9e7aa-5e42-472a-848d-9a7b11484a29",
            "attributes": {
              "id": "test_func-role-yniepz6h/arn:aws:iam::662502049608:policy/service-role/AWSLambdaBasicExecutionRole-f6e9e7aa-5e42-472a-848d-9a7b11484a29",
              "policy_arn": "arn:aws:iam::662502049608:policy/service-role/AWSLambdaBasicExecutionRole-f6e9e7aa-5e42-472a-848d-9a7b11484a29",
              "role": "test_func-role-yniepz6h"
            },
            "meta": {
              "schema_version": 0
            },
            "tainted": false
          },
          "deposed": [],
          "provider": "provider.aws"
        },
        "aws_iam_user.tfer--AIDAZUQBTA5EKUPXLH3DR": {
          "type": "aws_iam_user",
          "depends_on": [],
          "primary": {
            "id": "tripham-admin",
            "attributes": {
              "arn": "arn:aws:iam::662502049608:user/tripham-admin",
              "force_destroy": "false",
              "id": "tripham-admin",
              "name": "tripham-admin",
              "path": "/",
              "permissions_boundary": "",
              "tags.%": "2",
              "tags.AKIAZUQBTA5ECONCD4HH": "cli access key",
              "tags.Admin": "Group of Admins",
              "tags_all.%": "2",
              "tags_all.AKIAZUQBTA5ECONCD4HH": "cli access key",
              "tags_all.Admin": "Group of Admins",
              "unique_id": "AIDAZUQBTA5EKUPXLH3DR"
            },
            "meta": {
              "schema_version": 0
            },
            "tainted": false
          },
          "deposed": [],
          "provider": "provider.aws"
        },
        "aws_iam_user_group_membership.tfer--tripham-admin-002F-admin": {
          "type": "aws_iam_user_group_membership",
          "depends_on": [],
          "primary": {
            "id": "tripham-admin/admin",
            "attributes": {
              "groups.#": "1",
              "groups.0": "admin",
              "id": "tripham-admin/admin",
              "user": "tripham-admin"
            },
            "meta": {
              "schema_version": 0
            },
            "tainted": false
          },
          "deposed": [],
          "provider": "provider.aws"
        }
      },
      "depends_on": []
    }
  ]
}
