{
  "version": 3,
  "terraform_version": "0.12.31",
  "serial": 1,
  "lineage": "22a5d604-df45-f348-c210-898811237fb6",
  "modules": [
    {
      "path": ["root"],
      "outputs": {
        "aws_cloudwatch_log_group_tfer---002F-aws-002F-codebuild-002F-PipelineBuildSynthCdkBuildP-kPyTNu1HZZIr_id": {
          "sensitive": false,
          "type": "string",
          "value": "/aws/codebuild/PipelineBuildSynthCdkBuildP-kPyTNu1HZZIr"
        },
        "aws_cloudwatch_log_group_tfer---002F-aws-002F-lambda-002F-InfrastructureStack-CreateTodoServiceE4392CFC-BW0V1eBtZY5V_id": {
          "sensitive": false,
          "type": "string",
          "value": "/aws/lambda/InfrastructureStack-CreateTodoServiceE4392CFC-BW0V1eBtZY5V"
        },
        "aws_cloudwatch_log_group_tfer---002F-aws-002F-lambda-002F-InfrastructureStack-CreateTodoServiceE4392CFC-NmzDsaDFpQj5_id": {
          "sensitive": false,
          "type": "string",
          "value": "/aws/lambda/InfrastructureStack-CreateTodoServiceE4392CFC-NmzDsaDFpQj5"
        },
        "aws_cloudwatch_log_group_tfer---002F-aws-002F-lambda-002F-InfrastructureStack-CustomCDKBucketDeployment8693B-MrbgiEpZG7A9_id": {
          "sensitive": false,
          "type": "string",
          "value": "/aws/lambda/InfrastructureStack-CustomCDKBucketDeployment8693B-MrbgiEpZG7A9"
        },
        "aws_cloudwatch_log_group_tfer---002F-aws-002F-lambda-002F-InfrastructureStack-CustomCDKBucketDeployment8693B-P7RVUW62MHX8_id": {
          "sensitive": false,
          "type": "string",
          "value": "/aws/lambda/InfrastructureStack-CustomCDKBucketDeployment8693B-P7RVUW62MHX8"
        },
        "aws_cloudwatch_log_group_tfer---002F-aws-002F-lambda-002F-InfrastructureStack-CustomCDKBucketDeployment8693B-TDq3XwkeASTy_id": {
          "sensitive": false,
          "type": "string",
          "value": "/aws/lambda/InfrastructureStack-CustomCDKBucketDeployment8693B-TDq3XwkeASTy"
        },
        "aws_cloudwatch_log_group_tfer---002F-aws-002F-lambda-002F-InfrastructureStack-CustomS3AutoDeleteObjectsCusto-2RDzmB2W47NH_id": {
          "sensitive": false,
          "type": "string",
          "value": "/aws/lambda/InfrastructureStack-CustomS3AutoDeleteObjectsCusto-2RDzmB2W47NH"
        },
        "aws_cloudwatch_log_group_tfer---002F-aws-002F-lambda-002F-InfrastructureStack-CustomS3AutoDeleteObjectsCusto-Jx0je5A2iZ5z_id": {
          "sensitive": false,
          "type": "string",
          "value": "/aws/lambda/InfrastructureStack-CustomS3AutoDeleteObjectsCusto-Jx0je5A2iZ5z"
        },
        "aws_cloudwatch_log_group_tfer---002F-aws-002F-lambda-002F-InfrastructureStack-CustomS3AutoDeleteObjectsCusto-KwJnrhayRct9_id": {
          "sensitive": false,
          "type": "string",
          "value": "/aws/lambda/InfrastructureStack-CustomS3AutoDeleteObjectsCusto-KwJnrhayRct9"
        },
        "aws_cloudwatch_log_group_tfer---002F-aws-002F-lambda-002F-InfrastructureStack-GetListTodoService03ADE1C9-P7fkb3q3dI4f_id": {
          "sensitive": false,
          "type": "string",
          "value": "/aws/lambda/InfrastructureStack-GetListTodoService03ADE1C9-P7fkb3q3dI4f"
        },
        "aws_cloudwatch_log_group_tfer---002F-aws-002F-lambda-002F-InfrastructureStack-GetListTodoService03ADE1C9-QrPXuicZMzrx_id": {
          "sensitive": false,
          "type": "string",
          "value": "/aws/lambda/InfrastructureStack-GetListTodoService03ADE1C9-QrPXuicZMzrx"
        },
        "aws_cloudwatch_log_group_tfer---002F-aws-002F-lambda-002F-InfrastructureStack-LogRetentionaae0aa3c5b4d4f87b0-I3hxJLTJyP9A_id": {
          "sensitive": false,
          "type": "string",
          "value": "/aws/lambda/InfrastructureStack-LogRetentionaae0aa3c5b4d4f87b0-I3hxJLTJyP9A"
        },
        "aws_cloudwatch_log_group_tfer---002F-aws-002F-lambda-002F-InfrastructureStack-LogRetentionaae0aa3c5b4d4f87b0-wq7p9RVIKWiL_id": {
          "sensitive": false,
          "type": "string",
          "value": "/aws/lambda/InfrastructureStack-LogRetentionaae0aa3c5b4d4f87b0-wq7p9RVIKWiL"
        },
        "aws_cloudwatch_log_group_tfer---002F-aws-002F-lambda-002F-InfrastructureStack-UpdateTodoServiceB8A1B2FD-TRuoy7N5oKAF_id": {
          "sensitive": false,
          "type": "string",
          "value": "/aws/lambda/InfrastructureStack-UpdateTodoServiceB8A1B2FD-TRuoy7N5oKAF"
        },
        "aws_cloudwatch_log_group_tfer---002F-aws-002F-lambda-002F-InfrastructureStack-UpdateTodoServiceB8A1B2FD-oWoPNIU8vioo_id": {
          "sensitive": false,
          "type": "string",
          "value": "/aws/lambda/InfrastructureStack-UpdateTodoServiceB8A1B2FD-oWoPNIU8vioo"
        },
        "aws_cloudwatch_log_group_tfer---002F-ecs-002F-portfolio-webservice_id": {
          "sensitive": false,
          "type": "string",
          "value": "/ecs/portfolio-webservice"
        }
      },
      "resources": {
        "aws_cloudwatch_log_group.tfer---002F-aws-002F-codebuild-002F-PipelineBuildSynthCdkBuildP-kPyTNu1HZZIr": {
          "type": "aws_cloudwatch_log_group",
          "depends_on": [],
          "primary": {
            "id": "/aws/codebuild/PipelineBuildSynthCdkBuildP-kPyTNu1HZZIr",
            "attributes": {
              "arn": "arn:aws:logs:ap-southeast-1:662502049608:log-group:/aws/codebuild/PipelineBuildSynthCdkBuildP-kPyTNu1HZZIr",
              "id": "/aws/codebuild/PipelineBuildSynthCdkBuildP-kPyTNu1HZZIr",
              "kms_key_id": "",
              "log_group_class": "STANDARD",
              "name": "/aws/codebuild/PipelineBuildSynthCdkBuildP-kPyTNu1HZZIr",
              "name_prefix": "",
              "retention_in_days": "0",
              "skip_destroy": "false",
              "tags.%": "0",
              "tags_all.%": "0"
            },
            "meta": {
              "schema_version": 0
            },
            "tainted": false
          },
          "deposed": [],
          "provider": "provider.aws"
        },
        "aws_cloudwatch_log_group.tfer---002F-aws-002F-lambda-002F-InfrastructureStack-CreateTodoServiceE4392CFC-BW0V1eBtZY5V": {
          "type": "aws_cloudwatch_log_group",
          "depends_on": [],
          "primary": {
            "id": "/aws/lambda/InfrastructureStack-CreateTodoServiceE4392CFC-BW0V1eBtZY5V",
            "attributes": {
              "arn": "arn:aws:logs:ap-southeast-1:662502049608:log-group:/aws/lambda/InfrastructureStack-CreateTodoServiceE4392CFC-BW0V1eBtZY5V",
              "id": "/aws/lambda/InfrastructureStack-CreateTodoServiceE4392CFC-BW0V1eBtZY5V",
              "kms_key_id": "",
              "log_group_class": "STANDARD",
              "name": "/aws/lambda/InfrastructureStack-CreateTodoServiceE4392CFC-BW0V1eBtZY5V",
              "name_prefix": "",
              "retention_in_days": "1",
              "skip_destroy": "false",
              "tags.%": "0",
              "tags_all.%": "0"
            },
            "meta": {
              "schema_version": 0
            },
            "tainted": false
          },
          "deposed": [],
          "provider": "provider.aws"
        },
        "aws_cloudwatch_log_group.tfer---002F-aws-002F-lambda-002F-InfrastructureStack-CreateTodoServiceE4392CFC-NmzDsaDFpQj5": {
          "type": "aws_cloudwatch_log_group",
          "depends_on": [],
          "primary": {
            "id": "/aws/lambda/InfrastructureStack-CreateTodoServiceE4392CFC-NmzDsaDFpQj5",
            "attributes": {
              "arn": "arn:aws:logs:ap-southeast-1:662502049608:log-group:/aws/lambda/InfrastructureStack-CreateTodoServiceE4392CFC-NmzDsaDFpQj5",
              "id": "/aws/lambda/InfrastructureStack-CreateTodoServiceE4392CFC-NmzDsaDFpQj5",
              "kms_key_id": "",
              "log_group_class": "STANDARD",
              "name": "/aws/lambda/InfrastructureStack-CreateTodoServiceE4392CFC-NmzDsaDFpQj5",
              "name_prefix": "",
              "retention_in_days": "1",
              "skip_destroy": "false",
              "tags.%": "0",
              "tags_all.%": "0"
            },
            "meta": {
              "schema_version": 0
            },
            "tainted": false
          },
          "deposed": [],
          "provider": "provider.aws"
        },
        "aws_cloudwatch_log_group.tfer---002F-aws-002F-lambda-002F-InfrastructureStack-CustomCDKBucketDeployment8693B-MrbgiEpZG7A9": {
          "type": "aws_cloudwatch_log_group",
          "depends_on": [],
          "primary": {
            "id": "/aws/lambda/InfrastructureStack-CustomCDKBucketDeployment8693B-MrbgiEpZG7A9",
            "attributes": {
              "arn": "arn:aws:logs:ap-southeast-1:662502049608:log-group:/aws/lambda/InfrastructureStack-CustomCDKBucketDeployment8693B-MrbgiEpZG7A9",
              "id": "/aws/lambda/InfrastructureStack-CustomCDKBucketDeployment8693B-MrbgiEpZG7A9",
              "kms_key_id": "",
              "log_group_class": "STANDARD",
              "name": "/aws/lambda/InfrastructureStack-CustomCDKBucketDeployment8693B-MrbgiEpZG7A9",
              "name_prefix": "",
              "retention_in_days": "0",
              "skip_destroy": "false",
              "tags.%": "0",
              "tags_all.%": "0"
            },
            "meta": {
              "schema_version": 0
            },
            "tainted": false
          },
          "deposed": [],
          "provider": "provider.aws"
        },
        "aws_cloudwatch_log_group.tfer---002F-aws-002F-lambda-002F-InfrastructureStack-CustomCDKBucketDeployment8693B-P7RVUW62MHX8": {
          "type": "aws_cloudwatch_log_group",
          "depends_on": [],
          "primary": {
            "id": "/aws/lambda/InfrastructureStack-CustomCDKBucketDeployment8693B-P7RVUW62MHX8",
            "attributes": {
              "arn": "arn:aws:logs:ap-southeast-1:662502049608:log-group:/aws/lambda/InfrastructureStack-CustomCDKBucketDeployment8693B-P7RVUW62MHX8",
              "id": "/aws/lambda/InfrastructureStack-CustomCDKBucketDeployment8693B-P7RVUW62MHX8",
              "kms_key_id": "",
              "log_group_class": "STANDARD",
              "name": "/aws/lambda/InfrastructureStack-CustomCDKBucketDeployment8693B-P7RVUW62MHX8",
              "name_prefix": "",
              "retention_in_days": "0",
              "skip_destroy": "false",
              "tags.%": "0",
              "tags_all.%": "0"
            },
            "meta": {
              "schema_version": 0
            },
            "tainted": false
          },
          "deposed": [],
          "provider": "provider.aws"
        },
        "aws_cloudwatch_log_group.tfer---002F-aws-002F-lambda-002F-InfrastructureStack-CustomCDKBucketDeployment8693B-TDq3XwkeASTy": {
          "type": "aws_cloudwatch_log_group",
          "depends_on": [],
          "primary": {
            "id": "/aws/lambda/InfrastructureStack-CustomCDKBucketDeployment8693B-TDq3XwkeASTy",
            "attributes": {
              "arn": "arn:aws:logs:ap-southeast-1:662502049608:log-group:/aws/lambda/InfrastructureStack-CustomCDKBucketDeployment8693B-TDq3XwkeASTy",
              "id": "/aws/lambda/InfrastructureStack-CustomCDKBucketDeployment8693B-TDq3XwkeASTy",
              "kms_key_id": "",
              "log_group_class": "STANDARD",
              "name": "/aws/lambda/InfrastructureStack-CustomCDKBucketDeployment8693B-TDq3XwkeASTy",
              "name_prefix": "",
              "retention_in_days": "0",
              "skip_destroy": "false",
              "tags.%": "0",
              "tags_all.%": "0"
            },
            "meta": {
              "schema_version": 0
            },
            "tainted": false
          },
          "deposed": [],
          "provider": "provider.aws"
        },
        "aws_cloudwatch_log_group.tfer---002F-aws-002F-lambda-002F-InfrastructureStack-CustomS3AutoDeleteObjectsCusto-2RDzmB2W47NH": {
          "type": "aws_cloudwatch_log_group",
          "depends_on": [],
          "primary": {
            "id": "/aws/lambda/InfrastructureStack-CustomS3AutoDeleteObjectsCusto-2RDzmB2W47NH",
            "attributes": {
              "arn": "arn:aws:logs:ap-southeast-1:662502049608:log-group:/aws/lambda/InfrastructureStack-CustomS3AutoDeleteObjectsCusto-2RDzmB2W47NH",
              "id": "/aws/lambda/InfrastructureStack-CustomS3AutoDeleteObjectsCusto-2RDzmB2W47NH",
              "kms_key_id": "",
              "log_group_class": "STANDARD",
              "name": "/aws/lambda/InfrastructureStack-CustomS3AutoDeleteObjectsCusto-2RDzmB2W47NH",
              "name_prefix": "",
              "retention_in_days": "0",
              "skip_destroy": "false",
              "tags.%": "0",
              "tags_all.%": "0"
            },
            "meta": {
              "schema_version": 0
            },
            "tainted": false
          },
          "deposed": [],
          "provider": "provider.aws"
        },
        "aws_cloudwatch_log_group.tfer---002F-aws-002F-lambda-002F-InfrastructureStack-CustomS3AutoDeleteObjectsCusto-Jx0je5A2iZ5z": {
          "type": "aws_cloudwatch_log_group",
          "depends_on": [],
          "primary": {
            "id": "/aws/lambda/InfrastructureStack-CustomS3AutoDeleteObjectsCusto-Jx0je5A2iZ5z",
            "attributes": {
              "arn": "arn:aws:logs:ap-southeast-1:662502049608:log-group:/aws/lambda/InfrastructureStack-CustomS3AutoDeleteObjectsCusto-Jx0je5A2iZ5z",
              "id": "/aws/lambda/InfrastructureStack-CustomS3AutoDeleteObjectsCusto-Jx0je5A2iZ5z",
              "kms_key_id": "",
              "log_group_class": "STANDARD",
              "name": "/aws/lambda/InfrastructureStack-CustomS3AutoDeleteObjectsCusto-Jx0je5A2iZ5z",
              "name_prefix": "",
              "retention_in_days": "0",
              "skip_destroy": "false",
              "tags.%": "0",
              "tags_all.%": "0"
            },
            "meta": {
              "schema_version": 0
            },
            "tainted": false
          },
          "deposed": [],
          "provider": "provider.aws"
        },
        "aws_cloudwatch_log_group.tfer---002F-aws-002F-lambda-002F-InfrastructureStack-CustomS3AutoDeleteObjectsCusto-KwJnrhayRct9": {
          "type": "aws_cloudwatch_log_group",
          "depends_on": [],
          "primary": {
            "id": "/aws/lambda/InfrastructureStack-CustomS3AutoDeleteObjectsCusto-KwJnrhayRct9",
            "attributes": {
              "arn": "arn:aws:logs:ap-southeast-1:662502049608:log-group:/aws/lambda/InfrastructureStack-CustomS3AutoDeleteObjectsCusto-KwJnrhayRct9",
              "id": "/aws/lambda/InfrastructureStack-CustomS3AutoDeleteObjectsCusto-KwJnrhayRct9",
              "kms_key_id": "",
              "log_group_class": "STANDARD",
              "name": "/aws/lambda/InfrastructureStack-CustomS3AutoDeleteObjectsCusto-KwJnrhayRct9",
              "name_prefix": "",
              "retention_in_days": "0",
              "skip_destroy": "false",
              "tags.%": "0",
              "tags_all.%": "0"
            },
            "meta": {
              "schema_version": 0
            },
            "tainted": false
          },
          "deposed": [],
          "provider": "provider.aws"
        },
        "aws_cloudwatch_log_group.tfer---002F-aws-002F-lambda-002F-InfrastructureStack-GetListTodoService03ADE1C9-P7fkb3q3dI4f": {
          "type": "aws_cloudwatch_log_group",
          "depends_on": [],
          "primary": {
            "id": "/aws/lambda/InfrastructureStack-GetListTodoService03ADE1C9-P7fkb3q3dI4f",
            "attributes": {
              "arn": "arn:aws:logs:ap-southeast-1:662502049608:log-group:/aws/lambda/InfrastructureStack-GetListTodoService03ADE1C9-P7fkb3q3dI4f",
              "id": "/aws/lambda/InfrastructureStack-GetListTodoService03ADE1C9-P7fkb3q3dI4f",
              "kms_key_id": "",
              "log_group_class": "STANDARD",
              "name": "/aws/lambda/InfrastructureStack-GetListTodoService03ADE1C9-P7fkb3q3dI4f",
              "name_prefix": "",
              "retention_in_days": "1",
              "skip_destroy": "false",
              "tags.%": "0",
              "tags_all.%": "0"
            },
            "meta": {
              "schema_version": 0
            },
            "tainted": false
          },
          "deposed": [],
          "provider": "provider.aws"
        },
        "aws_cloudwatch_log_group.tfer---002F-aws-002F-lambda-002F-InfrastructureStack-GetListTodoService03ADE1C9-QrPXuicZMzrx": {
          "type": "aws_cloudwatch_log_group",
          "depends_on": [],
          "primary": {
            "id": "/aws/lambda/InfrastructureStack-GetListTodoService03ADE1C9-QrPXuicZMzrx",
            "attributes": {
              "arn": "arn:aws:logs:ap-southeast-1:662502049608:log-group:/aws/lambda/InfrastructureStack-GetListTodoService03ADE1C9-QrPXuicZMzrx",
              "id": "/aws/lambda/InfrastructureStack-GetListTodoService03ADE1C9-QrPXuicZMzrx",
              "kms_key_id": "",
              "log_group_class": "STANDARD",
              "name": "/aws/lambda/InfrastructureStack-GetListTodoService03ADE1C9-QrPXuicZMzrx",
              "name_prefix": "",
              "retention_in_days": "1",
              "skip_destroy": "false",
              "tags.%": "0",
              "tags_all.%": "0"
            },
            "meta": {
              "schema_version": 0
            },
            "tainted": false
          },
          "deposed": [],
          "provider": "provider.aws"
        },
        "aws_cloudwatch_log_group.tfer---002F-aws-002F-lambda-002F-InfrastructureStack-LogRetentionaae0aa3c5b4d4f87b0-I3hxJLTJyP9A": {
          "type": "aws_cloudwatch_log_group",
          "depends_on": [],
          "primary": {
            "id": "/aws/lambda/InfrastructureStack-LogRetentionaae0aa3c5b4d4f87b0-I3hxJLTJyP9A",
            "attributes": {
              "arn": "arn:aws:logs:ap-southeast-1:662502049608:log-group:/aws/lambda/InfrastructureStack-LogRetentionaae0aa3c5b4d4f87b0-I3hxJLTJyP9A",
              "id": "/aws/lambda/InfrastructureStack-LogRetentionaae0aa3c5b4d4f87b0-I3hxJLTJyP9A",
              "kms_key_id": "",
              "log_group_class": "STANDARD",
              "name": "/aws/lambda/InfrastructureStack-LogRetentionaae0aa3c5b4d4f87b0-I3hxJLTJyP9A",
              "name_prefix": "",
              "retention_in_days": "1",
              "skip_destroy": "false",
              "tags.%": "0",
              "tags_all.%": "0"
            },
            "meta": {
              "schema_version": 0
            },
            "tainted": false
          },
          "deposed": [],
          "provider": "provider.aws"
        },
        "aws_cloudwatch_log_group.tfer---002F-aws-002F-lambda-002F-InfrastructureStack-LogRetentionaae0aa3c5b4d4f87b0-wq7p9RVIKWiL": {
          "type": "aws_cloudwatch_log_group",
          "depends_on": [],
          "primary": {
            "id": "/aws/lambda/InfrastructureStack-LogRetentionaae0aa3c5b4d4f87b0-wq7p9RVIKWiL",
            "attributes": {
              "arn": "arn:aws:logs:ap-southeast-1:662502049608:log-group:/aws/lambda/InfrastructureStack-LogRetentionaae0aa3c5b4d4f87b0-wq7p9RVIKWiL",
              "id": "/aws/lambda/InfrastructureStack-LogRetentionaae0aa3c5b4d4f87b0-wq7p9RVIKWiL",
              "kms_key_id": "",
              "log_group_class": "STANDARD",
              "name": "/aws/lambda/InfrastructureStack-LogRetentionaae0aa3c5b4d4f87b0-wq7p9RVIKWiL",
              "name_prefix": "",
              "retention_in_days": "1",
              "skip_destroy": "false",
              "tags.%": "0",
              "tags_all.%": "0"
            },
            "meta": {
              "schema_version": 0
            },
            "tainted": false
          },
          "deposed": [],
          "provider": "provider.aws"
        },
        "aws_cloudwatch_log_group.tfer---002F-aws-002F-lambda-002F-InfrastructureStack-UpdateTodoServiceB8A1B2FD-TRuoy7N5oKAF": {
          "type": "aws_cloudwatch_log_group",
          "depends_on": [],
          "primary": {
            "id": "/aws/lambda/InfrastructureStack-UpdateTodoServiceB8A1B2FD-TRuoy7N5oKAF",
            "attributes": {
              "arn": "arn:aws:logs:ap-southeast-1:662502049608:log-group:/aws/lambda/InfrastructureStack-UpdateTodoServiceB8A1B2FD-TRuoy7N5oKAF",
              "id": "/aws/lambda/InfrastructureStack-UpdateTodoServiceB8A1B2FD-TRuoy7N5oKAF",
              "kms_key_id": "",
              "log_group_class": "STANDARD",
              "name": "/aws/lambda/InfrastructureStack-UpdateTodoServiceB8A1B2FD-TRuoy7N5oKAF",
              "name_prefix": "",
              "retention_in_days": "1",
              "skip_destroy": "false",
              "tags.%": "0",
              "tags_all.%": "0"
            },
            "meta": {
              "schema_version": 0
            },
            "tainted": false
          },
          "deposed": [],
          "provider": "provider.aws"
        },
        "aws_cloudwatch_log_group.tfer---002F-aws-002F-lambda-002F-InfrastructureStack-UpdateTodoServiceB8A1B2FD-oWoPNIU8vioo": {
          "type": "aws_cloudwatch_log_group",
          "depends_on": [],
          "primary": {
            "id": "/aws/lambda/InfrastructureStack-UpdateTodoServiceB8A1B2FD-oWoPNIU8vioo",
            "attributes": {
              "arn": "arn:aws:logs:ap-southeast-1:662502049608:log-group:/aws/lambda/InfrastructureStack-UpdateTodoServiceB8A1B2FD-oWoPNIU8vioo",
              "id": "/aws/lambda/InfrastructureStack-UpdateTodoServiceB8A1B2FD-oWoPNIU8vioo",
              "kms_key_id": "",
              "log_group_class": "STANDARD",
              "name": "/aws/lambda/InfrastructureStack-UpdateTodoServiceB8A1B2FD-oWoPNIU8vioo",
              "name_prefix": "",
              "retention_in_days": "1",
              "skip_destroy": "false",
              "tags.%": "0",
              "tags_all.%": "0"
            },
            "meta": {
              "schema_version": 0
            },
            "tainted": false
          },
          "deposed": [],
          "provider": "provider.aws"
        },
        "aws_cloudwatch_log_group.tfer---002F-ecs-002F-portfolio-webservice": {
          "type": "aws_cloudwatch_log_group",
          "depends_on": [],
          "primary": {
            "id": "/ecs/portfolio-webservice",
            "attributes": {
              "arn": "arn:aws:logs:ap-southeast-1:662502049608:log-group:/ecs/portfolio-webservice",
              "id": "/ecs/portfolio-webservice",
              "kms_key_id": "",
              "log_group_class": "STANDARD",
              "name": "/ecs/portfolio-webservice",
              "name_prefix": "",
              "retention_in_days": "0",
              "skip_destroy": "false",
              "tags.%": "0",
              "tags_all.%": "0"
            },
            "meta": {
              "schema_version": 0
            },
            "tainted": false
          },
          "deposed": [],
          "provider": "provider.aws"
        }
      },
      "depends_on": []
    }
  ]
}
