{
  "version": 3,
  "terraform_version": "0.12.31",
  "serial": 1,
  "lineage": "c42a54ce-00ac-14ae-4399-5fd5e3d2a499",
  "modules": [
    {
      "path": ["root"],
      "outputs": {
        "aws_cloudwatch_event_rule_tfer--ecs-managed-capacity-provider-rule_id": {
          "sensitive": false,
          "type": "string",
          "value": "ecs-managed-capacity-provider-rule"
        },
        "aws_cloudwatch_event_target_tfer--ecs-managed-capacity-provider-rule-002F-ecs-managed-capacity-provider-target_id": {
          "sensitive": false,
          "type": "string",
          "value": "ecs-managed-capacity-provider-rule/ecs-managed-capacity-provider-target"
        },
        "aws_cloudwatch_metric_alarm_tfer--TargetTracking-Infra-ECS-Cluster-portfolio-5f1a041a-ECSAutoScalingGroup-npAamJSiUzvn-AlarmHigh-970270e2-6957-4d9b-a76b-505802dd9d34_id": {
          "sensitive": false,
          "type": "string",
          "value": "TargetTracking-Infra-ECS-Cluster-portfolio-5f1a041a-ECSAutoScalingGroup-npAamJSiUzvn-AlarmHigh-970270e2-6957-4d9b-a76b-505802dd9d34"
        },
        "aws_cloudwatch_metric_alarm_tfer--TargetTracking-Infra-ECS-Cluster-portfolio-5f1a041a-ECSAutoScalingGroup-npAamJSiUzvn-AlarmLow-c6ebe139-5b5b-44f6-9559-bee5edf52d0a_id": {
          "sensitive": false,
          "type": "string",
          "value": "TargetTracking-Infra-ECS-Cluster-portfolio-5f1a041a-ECSAutoScalingGroup-npAamJSiUzvn-AlarmLow-c6ebe139-5b5b-44f6-9559-bee5edf52d0a"
        }
      },
      "resources": {
        "aws_cloudwatch_event_rule.tfer--ecs-managed-capacity-provider-rule": {
          "type": "aws_cloudwatch_event_rule",
          "depends_on": [],
          "primary": {
            "id": "ecs-managed-capacity-provider-rule",
            "attributes": {
              "arn": "arn:aws:events:ap-southeast-1:662502049608:rule/ecs-managed-capacity-provider-rule",
              "description": "An Amazon ECS managed rule that supports capacity provider",
              "event_bus_name": "default",
              "event_pattern": "{\"detail\":{\"LifecycleHookName\":[\"ecs-managed-draining-termination-hook\",{\"exists\":false}]},\"detail-type\":[\"EC2 Spot Instance Interruption Warning\",\"EC2 Instance-terminate Lifecycle Action\",\"EC2 Instance Launch Successful\"],\"source\":[\"aws.ec2\",\"aws.autoscaling\"]}",
              "force_destroy": "false",
              "id": "ecs-managed-capacity-provider-rule",
              "is_enabled": "true",
              "name": "ecs-managed-capacity-provider-rule",
              "name_prefix": "",
              "role_arn": "",
              "schedule_expression": "",
              "state": "ENABLED",
              "tags.%": "0",
              "tags_all.%": "0"
            },
            "meta": {
              "schema_version": 1
            },
            "tainted": false
          },
          "deposed": [],
          "provider": "provider.aws"
        },
        "aws_cloudwatch_event_target.tfer--ecs-managed-capacity-provider-rule-002F-ecs-managed-capacity-provider-target": {
          "type": "aws_cloudwatch_event_target",
          "depends_on": [],
          "primary": {
            "id": "ecs-managed-capacity-provider-rule/ecs-managed-capacity-provider-target",
            "attributes": {
              "arn": "arn:aws:ecs-capacity-providers:ap-southeast-1:::",
              "event_bus_name": "",
              "force_destroy": "false",
              "http_target.#": "0",
              "id": "ecs-managed-capacity-provider-rule/ecs-managed-capacity-provider-target",
              "input": "",
              "input_path": "",
              "role_arn": "",
              "rule": "ecs-managed-capacity-provider-rule",
              "target_id": "ecs-managed-capacity-provider-target"
            },
            "meta": {
              "schema_version": 1
            },
            "tainted": false
          },
          "deposed": [],
          "provider": "provider.aws"
        },
        "aws_cloudwatch_metric_alarm.tfer--TargetTracking-Infra-ECS-Cluster-portfolio-5f1a041a-ECSAutoScalingGroup-npAamJSiUzvn-AlarmHigh-970270e2-6957-4d9b-a76b-505802dd9d34": {
          "type": "aws_cloudwatch_metric_alarm",
          "depends_on": [],
          "primary": {
            "id": "TargetTracking-Infra-ECS-Cluster-portfolio-5f1a041a-ECSAutoScalingGroup-npAamJSiUzvn-AlarmHigh-970270e2-6957-4d9b-a76b-505802dd9d34",
            "attributes": {
              "actions_enabled": "true",
              "alarm_actions.#": "1",
              "alarm_actions.0": "arn:aws:autoscaling:ap-southeast-1:662502049608:scalingPolicy:0a2d62d9-9b8b-4ad0-ad7a-7ece7b40bfe0:autoScalingGroupName/Infra-ECS-Cluster-portfolio-5f1a041a-ECSAutoScalingGroup-npAamJSiUzvn:policyName/ECSManagedAutoScalingPolicy-0d4817a1-95f5-440b-9444-311e7203b93e",
              "alarm_description": "DO NOT EDIT OR DELETE. For TargetTrackingScaling policy arn:aws:autoscaling:ap-southeast-1:662502049608:scalingPolicy:0a2d62d9-9b8b-4ad0-ad7a-7ece7b40bfe0:autoScalingGroupName/Infra-ECS-Cluster-portfolio-5f1a041a-ECSAutoScalingGroup-npAamJSiUzvn:policyNa",
              "alarm_name": "TargetTracking-Infra-ECS-Cluster-portfolio-5f1a041a-ECSAutoScalingGroup-npAamJSiUzvn-AlarmHigh-970270e2-6957-4d9b-a76b-505802dd9d34",
              "arn": "arn:aws:cloudwatch:ap-southeast-1:662502049608:alarm:TargetTracking-Infra-ECS-Cluster-portfolio-5f1a041a-ECSAutoScalingGroup-npAamJSiUzvn-AlarmHigh-970270e2-6957-4d9b-a76b-505802dd9d34",
              "comparison_operator": "GreaterThanThreshold",
              "datapoints_to_alarm": "0",
              "dimensions.%": "2",
              "dimensions.CapacityProviderName": "Infra-ECS-Cluster-portfolio-5f1a041a-EC2CapacityProvider-p3skloh44qa0",
              "dimensions.ClusterName": "portfolio",
              "evaluate_low_sample_count_percentiles": "",
              "evaluation_periods": "1",
              "extended_statistic": "",
              "id": "TargetTracking-Infra-ECS-Cluster-portfolio-5f1a041a-ECSAutoScalingGroup-npAamJSiUzvn-AlarmHigh-970270e2-6957-4d9b-a76b-505802dd9d34",
              "insufficient_data_actions.#": "0",
              "metric_name": "CapacityProviderReservation",
              "namespace": "AWS/ECS/ManagedScaling",
              "ok_actions.#": "0",
              "period": "60",
              "statistic": "Average",
              "tags.%": "0",
              "tags_all.%": "0",
              "threshold": "100",
              "threshold_metric_id": "",
              "treat_missing_data": "missing",
              "unit": ""
            },
            "meta": {
              "schema_version": 1
            },
            "tainted": false
          },
          "deposed": [],
          "provider": "provider.aws"
        },
        "aws_cloudwatch_metric_alarm.tfer--TargetTracking-Infra-ECS-Cluster-portfolio-5f1a041a-ECSAutoScalingGroup-npAamJSiUzvn-AlarmLow-c6ebe139-5b5b-44f6-9559-bee5edf52d0a": {
          "type": "aws_cloudwatch_metric_alarm",
          "depends_on": [],
          "primary": {
            "id": "TargetTracking-Infra-ECS-Cluster-portfolio-5f1a041a-ECSAutoScalingGroup-npAamJSiUzvn-AlarmLow-c6ebe139-5b5b-44f6-9559-bee5edf52d0a",
            "attributes": {
              "actions_enabled": "true",
              "alarm_actions.#": "1",
              "alarm_actions.0": "arn:aws:autoscaling:ap-southeast-1:662502049608:scalingPolicy:0a2d62d9-9b8b-4ad0-ad7a-7ece7b40bfe0:autoScalingGroupName/Infra-ECS-Cluster-portfolio-5f1a041a-ECSAutoScalingGroup-npAamJSiUzvn:policyName/ECSManagedAutoScalingPolicy-0d4817a1-95f5-440b-9444-311e7203b93e",
              "alarm_description": "DO NOT EDIT OR DELETE. For TargetTrackingScaling policy arn:aws:autoscaling:ap-southeast-1:662502049608:scalingPolicy:0a2d62d9-9b8b-4ad0-ad7a-7ece7b40bfe0:autoScalingGroupName/Infra-ECS-Cluster-portfolio-5f1a041a-ECSAutoScalingGroup-npAamJSiUzvn:policyNa",
              "alarm_name": "TargetTracking-Infra-ECS-Cluster-portfolio-5f1a041a-ECSAutoScalingGroup-npAamJSiUzvn-AlarmLow-c6ebe139-5b5b-44f6-9559-bee5edf52d0a",
              "arn": "arn:aws:cloudwatch:ap-southeast-1:662502049608:alarm:TargetTracking-Infra-ECS-Cluster-portfolio-5f1a041a-ECSAutoScalingGroup-npAamJSiUzvn-AlarmLow-c6ebe139-5b5b-44f6-9559-bee5edf52d0a",
              "comparison_operator": "LessThanThreshold",
              "datapoints_to_alarm": "0",
              "dimensions.%": "2",
              "dimensions.CapacityProviderName": "Infra-ECS-Cluster-portfolio-5f1a041a-EC2CapacityProvider-p3skloh44qa0",
              "dimensions.ClusterName": "portfolio",
              "evaluate_low_sample_count_percentiles": "",
              "evaluation_periods": "15",
              "extended_statistic": "",
              "id": "TargetTracking-Infra-ECS-Cluster-portfolio-5f1a041a-ECSAutoScalingGroup-npAamJSiUzvn-AlarmLow-c6ebe139-5b5b-44f6-9559-bee5edf52d0a",
              "insufficient_data_actions.#": "0",
              "metric_name": "CapacityProviderReservation",
              "namespace": "AWS/ECS/ManagedScaling",
              "ok_actions.#": "0",
              "period": "60",
              "statistic": "Average",
              "tags.%": "0",
              "tags_all.%": "0",
              "threshold": "100",
              "threshold_metric_id": "",
              "treat_missing_data": "missing",
              "unit": ""
            },
            "meta": {
              "schema_version": 1
            },
            "tainted": false
          },
          "deposed": [],
          "provider": "provider.aws"
        }
      },
      "depends_on": []
    }
  ]
}
